// !$*UTF8*$!
{
	archiveVersion = 1;
	classes = {
	};
	objectVersion = 52;
	objects = {

/* Begin PBXBuildFile section */
		0405A682A463C8DE30E3004F /* LaunchScreen.storyboard in Resources */ = {isa = PBXBuildFile; fileRef = 1F65931A712EDB750E83277F /* LaunchScreen.storyboard */; };
		075A635C902F0E7DE6725D24 /* GiphyMockResponse.json in Resources */ = {isa = PBXBuildFile; fileRef = AAEBCCD8D63D13A2D111630E /* GiphyMockResponse.json */; };
		0DD33BD1DCF870FA7BD4AEA9 /* Common in Frameworks */ = {isa = PBXBuildFile; productRef = E3BE968928EE820FA260C2EA /* Common */; };
		155222618239CAEA713CD2F9 /* Giphy in Frameworks */ = {isa = PBXBuildFile; productRef = 1E6C593D3D3D6B8F1300447C /* Giphy */; };
		15FEAD984B4D72D21D5AB279 /* Lottie in Frameworks */ = {isa = PBXBuildFile; productRef = 0A5BE6E9E67C67BD24D2CC13 /* Lottie */; };
		15FF356CC3AA6C88CB6170E6 /* SDWebImageSwiftUI in Frameworks */ = {isa = PBXBuildFile; productRef = DF49503E38FE86BE9A7FF090 /* SDWebImageSwiftUI */; };
		190F95EE11BEDE20B8C4B398 /* Assets.xcassets in Resources */ = {isa = PBXBuildFile; fileRef = DBEB6BD3D9B81ED6BD6E6381 /* Assets.xcassets */; };
		19BF92D450038CBCD8BE8C9E /* AppCoordinator.swift in Sources */ = {isa = PBXBuildFile; fileRef = B3484CB1ED5A29306AB2BB72 /* AppCoordinator.swift */; };
		219CCE4248CE57B83969EDAC /* Blur.swift in Sources */ = {isa = PBXBuildFile; fileRef = D30B668435D1FE6E03C781AD /* Blur.swift */; };
		24E63CD19355A63E1BFF99B1 /* DetailView.swift in Sources */ = {isa = PBXBuildFile; fileRef = A34286B04C01F316E7701F38 /* DetailView.swift */; };
		2B66078FD162FAC29BB05EC2 /* LottieView.swift in Sources */ = {isa = PBXBuildFile; fileRef = 3EB9DF28A820ADF48A333FFA /* LottieView.swift */; };
		3FADA28D115F083EA03D0D38 /* WidgetProvider.swift in Sources */ = {isa = PBXBuildFile; fileRef = 7A23DAF16BC2642AD6B37D92 /* WidgetProvider.swift */; };
		427BAECD5E0B2EA3D882131F /* HomeView.swift in Sources */ = {isa = PBXBuildFile; fileRef = 96C56A10E49815751F56281C /* HomeView.swift */; };
		49819E28B59C8A041018DBA2 /* DetailReducer.swift in Sources */ = {isa = PBXBuildFile; fileRef = 1A9850FC0568D037B6039B53 /* DetailReducer.swift */; };
		4E8C0707BB82A0593EA6196D /* Common in Frameworks */ = {isa = PBXBuildFile; productRef = 4A9D6DC77ACB35C3FBFD5891 /* Common */; };
		52374BB2B750829CBCF4059F /* GiphyWidget.appex in Embed Foundation Extensions */ = {isa = PBXBuildFile; fileRef = 962A62947D1F56730463AD3F /* GiphyWidget.appex */; settings = {ATTRIBUTES = (RemoveHeadersOnCopy, ); }; };
		537FD05C928C434BB1742D87 /* JSONLoader.swift in Sources */ = {isa = PBXBuildFile; fileRef = 55E8FB6691BF7BFFF5443E43 /* JSONLoader.swift */; };
		543472EBC1B0CB8EF31FA266 /* GiphyApp.swift in Sources */ = {isa = PBXBuildFile; fileRef = EA834D097518710AB822A5FF /* GiphyApp.swift */; };
		5996B8E6D837B0C13215BC88 /* TestInjection.swift in Sources */ = {isa = PBXBuildFile; fileRef = 10C29FA2E304102B8C8DE66E /* TestInjection.swift */; };
		5FD73D79CC39F9B25D0C3C04 /* SearchView.swift in Sources */ = {isa = PBXBuildFile; fileRef = 3E907044EADE6A4EE6483476 /* SearchView.swift */; };
		667B03CF92209B347661166B /* GiphyGridRow.swift in Sources */ = {isa = PBXBuildFile; fileRef = 0310386E085A9DF7FBA91679 /* GiphyGridRow.swift */; };
		78DEE57D6888F21BA23C4E4C /* Preview Assets.xcassets in Resources */ = {isa = PBXBuildFile; fileRef = 9D8447487FBE8566FDE5B718 /* Preview Assets.xcassets */; };
		798D34DB5C33A094E6280C26 /* Injection.swift in Sources */ = {isa = PBXBuildFile; fileRef = 654F1FEA2298640F3E49EA5F /* Injection.swift */; };
		7BCD23F5743735FF4E5821B5 /* Giphy in Frameworks */ = {isa = PBXBuildFile; productRef = B1094643B2543D5662828B87 /* Giphy */; };
		7C6202552C1DC87E7CAF8055 /* GiphyLocalTestCase.swift in Sources */ = {isa = PBXBuildFile; fileRef = 316F3CA40BC1046843D6298F /* GiphyLocalTestCase.swift */; };
		8F9E18D935276611313C3CF9 /* AppIcon.xcassets in Resources */ = {isa = PBXBuildFile; fileRef = 85CD349D1B53809256E1A954 /* AppIcon.xcassets */; };
		968213569E846D0EF2B1A897 /* TabReducer.swift in Sources */ = {isa = PBXBuildFile; fileRef = FBE13E54D75042EF8E246856 /* TabReducer.swift */; };
		9EBA0696AF8FA977D979CEDC /* GiphyWidget.intentdefinition in Sources */ = {isa = PBXBuildFile; fileRef = A3586F9040BD334CDA4D37FB /* GiphyWidget.intentdefinition */; };
		A5F89867E1E8E9ADA401A4A3 /* SearchReducer.swift in Sources */ = {isa = PBXBuildFile; fileRef = 6FF81590377274888C4AF24C /* SearchReducer.swift */; };
		A749DE18FDDF1037E4F43C75 /* HomeReducer.swift in Sources */ = {isa = PBXBuildFile; fileRef = 7E25C12064E7046138852143 /* HomeReducer.swift */; };
		AAE7D616B2E9B91117965C23 /* AnyPublisher+Wait.swift in Sources */ = {isa = PBXBuildFile; fileRef = 3A221B86EB8E7AD832EC5842 /* AnyPublisher+Wait.swift */; };
		AD1FC9D49CF6AD2252DE6F36 /* ActivityIndicator.swift in Sources */ = {isa = PBXBuildFile; fileRef = A1FCA110D56C7AFD8179B434 /* ActivityIndicator.swift */; };
		B866A00A1B83FC875F64074E /* Lottie in Frameworks */ = {isa = PBXBuildFile; productRef = 486C25930E87D0D95EBE9360 /* Lottie */; };
		C10C32768D7A58A0B1044282 /* Swinject in Frameworks */ = {isa = PBXBuildFile; productRef = 6AE95703D73F7704F5A0982D /* Swinject */; };
		C3163A60D66CC1DC806775BB /* FavoriteView.swift in Sources */ = {isa = PBXBuildFile; fileRef = 6EE58B0BE54E7019B2F4608F /* FavoriteView.swift */; };
		CB8E6C6FBA263F41F0CC388C /* Swinject in Frameworks */ = {isa = PBXBuildFile; productRef = BD6DA8AA6742A0D2546EED55 /* Swinject */; };
		CE59E05C2ADB7D23006C71AA /* Button.swift in Sources */ = {isa = PBXBuildFile; fileRef = CE59E05B2ADB7D23006C71AA /* Button.swift */; };
		CE59E05E2ADBFF1C006C71AA /* NyanCatLoading.swift in Sources */ = {isa = PBXBuildFile; fileRef = CE59E05D2ADBFF1C006C71AA /* NyanCatLoading.swift */; };
		CEAF47FD2ADAC79D002008DC /* Font.swift in Sources */ = {isa = PBXBuildFile; fileRef = CEAF47FC2ADAC79D002008DC /* Font.swift */; };
		CEAF47FE2ADAC810002008DC /* HelveticaNeue-Light.ttf in Resources */ = {isa = PBXBuildFile; fileRef = CEAF47FA2ADAC790002008DC /* HelveticaNeue-Light.ttf */; };
		CEAF47FF2ADAC810002008DC /* HelveticaNeue-Medium.ttf in Resources */ = {isa = PBXBuildFile; fileRef = CEAF47F92ADAC790002008DC /* HelveticaNeue-Medium.ttf */; };
		CEAF48002ADAC810002008DC /* HelveticaNeue-Bold.ttf in Resources */ = {isa = PBXBuildFile; fileRef = CEAF47FB2ADAC790002008DC /* HelveticaNeue-Bold.ttf */; };
		CFDF1DA6E5B43864A7B913E4 /* GiphyWidget.swift in Sources */ = {isa = PBXBuildFile; fileRef = 083B32A46E6D1CA8D9DC5C45 /* GiphyWidget.swift */; };
		D6FB511363FF4786F10305F5 /* FavoriteReducer.swift in Sources */ = {isa = PBXBuildFile; fileRef = 70A8D7CF20D086E2BC9D9566 /* FavoriteReducer.swift */; };
		D908D9188395D16A7C48F408 /* GiphyItemRow.swift in Sources */ = {isa = PBXBuildFile; fileRef = E1FD2AFA1395F2E44CA33669 /* GiphyItemRow.swift */; };
		DD3EAC93E763C837DE70B4A8 /* GiphyRemoteTestCase.swift in Sources */ = {isa = PBXBuildFile; fileRef = 383CFE42085BB9DE15FF70E2 /* GiphyRemoteTestCase.swift */; };
		EFD239E10F368102A8E225D2 /* MainTabView.swift in Sources */ = {isa = PBXBuildFile; fileRef = 86A359775DFADE9BA890AF34 /* MainTabView.swift */; };
		F27B1AB4448E900CFC6C2500 /* DummyRemoteDataSource.swift in Sources */ = {isa = PBXBuildFile; fileRef = 22B27C3BAB096009053B567D /* DummyRemoteDataSource.swift */; };
		F4173D35B125DC7C6B123076 /* SwiftUI.framework in Frameworks */ = {isa = PBXBuildFile; fileRef = F839EAEA4678323D86C344A3 /* SwiftUI.framework */; };
		F635A1BE5E3E7A61A6AF9789 /* WidgetKit.framework in Frameworks */ = {isa = PBXBuildFile; fileRef = 4468B945CB3A8C0C90AC413A /* WidgetKit.framework */; };
		FB19B8590477E44610E94632 /* NetworkError.swift in Sources */ = {isa = PBXBuildFile; fileRef = E342058E89C33D11BB48C40D /* NetworkError.swift */; };
		FB1F7DACA9C4D01A059F9F4D /* SDWebImageSwiftUI in Frameworks */ = {isa = PBXBuildFile; productRef = FB888D0C3243B972C1D1762A /* SDWebImageSwiftUI */; };
		FB68FC3E26326D11EA23FC0B /* WebView.swift in Sources */ = {isa = PBXBuildFile; fileRef = 8D04301DBDD6A74BD5B1E577 /* WebView.swift */; };
		FFB0CD0BEAEFC7CB11C246B7 /* WidgetInjection.swift in Sources */ = {isa = PBXBuildFile; fileRef = 6F4B343B79A412712E329641 /* WidgetInjection.swift */; };
/* End PBXBuildFile section */

/* Begin PBXContainerItemProxy section */
		79444CD26CC6C9FD0372618A /* PBXContainerItemProxy */ = {
			isa = PBXContainerItemProxy;
			containerPortal = 7CE1D587CAD236B8DA3380A3 /* Project object */;
			proxyType = 1;
			remoteGlobalIDString = 7FBF0A3B760480643177202C;
			remoteInfo = GiphyGIF;
		};
		F68C153BFB73925460EB93B5 /* PBXContainerItemProxy */ = {
			isa = PBXContainerItemProxy;
			containerPortal = 7CE1D587CAD236B8DA3380A3 /* Project object */;
			proxyType = 1;
			remoteGlobalIDString = C77349FB459BA7151EE9510C;
			remoteInfo = GiphyWidget;
		};
/* End PBXContainerItemProxy section */

/* Begin PBXCopyFilesBuildPhase section */
		3F919EE7FD3F3DBFBEA33031 /* Embed Foundation Extensions */ = {
			isa = PBXCopyFilesBuildPhase;
			buildActionMask = 2147483647;
			dstPath = "";
			dstSubfolderSpec = 13;
			files = (
				52374BB2B750829CBCF4059F /* GiphyWidget.appex in Embed Foundation Extensions */,
			);
			name = "Embed Foundation Extensions";
			runOnlyForDeploymentPostprocessing = 0;
		};
/* End PBXCopyFilesBuildPhase section */

/* Begin PBXFileReference section */
		0310386E085A9DF7FBA91679 /* GiphyGridRow.swift */ = {isa = PBXFileReference; lastKnownFileType = sourcecode.swift; path = GiphyGridRow.swift; sourceTree = "<group>"; };
		083B32A46E6D1CA8D9DC5C45 /* GiphyWidget.swift */ = {isa = PBXFileReference; lastKnownFileType = sourcecode.swift; path = GiphyWidget.swift; sourceTree = "<group>"; };
		10C29FA2E304102B8C8DE66E /* TestInjection.swift */ = {isa = PBXFileReference; lastKnownFileType = sourcecode.swift; path = TestInjection.swift; sourceTree = "<group>"; };
		1A9850FC0568D037B6039B53 /* DetailReducer.swift */ = {isa = PBXFileReference; lastKnownFileType = sourcecode.swift; path = DetailReducer.swift; sourceTree = "<group>"; };
		1F65931A712EDB750E83277F /* LaunchScreen.storyboard */ = {isa = PBXFileReference; lastKnownFileType = file.storyboard; path = LaunchScreen.storyboard; sourceTree = "<group>"; };
		22B27C3BAB096009053B567D /* DummyRemoteDataSource.swift */ = {isa = PBXFileReference; lastKnownFileType = sourcecode.swift; path = DummyRemoteDataSource.swift; sourceTree = "<group>"; };
		2DC9E7307B14CF90C39F58E3 /* Info.plist */ = {isa = PBXFileReference; lastKnownFileType = text.plist; path = Info.plist; sourceTree = "<group>"; };
		316F3CA40BC1046843D6298F /* GiphyLocalTestCase.swift */ = {isa = PBXFileReference; lastKnownFileType = sourcecode.swift; path = GiphyLocalTestCase.swift; sourceTree = "<group>"; };
		383CFE42085BB9DE15FF70E2 /* GiphyRemoteTestCase.swift */ = {isa = PBXFileReference; lastKnownFileType = sourcecode.swift; path = GiphyRemoteTestCase.swift; sourceTree = "<group>"; };
		3A221B86EB8E7AD832EC5842 /* AnyPublisher+Wait.swift */ = {isa = PBXFileReference; lastKnownFileType = sourcecode.swift; path = "AnyPublisher+Wait.swift"; sourceTree = "<group>"; };
		3E907044EADE6A4EE6483476 /* SearchView.swift */ = {isa = PBXFileReference; lastKnownFileType = sourcecode.swift; path = SearchView.swift; sourceTree = "<group>"; };
		3EB9DF28A820ADF48A333FFA /* LottieView.swift */ = {isa = PBXFileReference; lastKnownFileType = sourcecode.swift; path = LottieView.swift; sourceTree = "<group>"; };
		4468B945CB3A8C0C90AC413A /* WidgetKit.framework */ = {isa = PBXFileReference; lastKnownFileType = wrapper.framework; name = WidgetKit.framework; path = System/Library/Frameworks/WidgetKit.framework; sourceTree = SDKROOT; };
		490EA18627B667192126C3FD /* GiphyGIF.app */ = {isa = PBXFileReference; explicitFileType = wrapper.application; includeInIndex = 0; path = GiphyGIF.app; sourceTree = BUILT_PRODUCTS_DIR; };
		55E8FB6691BF7BFFF5443E43 /* JSONLoader.swift */ = {isa = PBXFileReference; lastKnownFileType = sourcecode.swift; path = JSONLoader.swift; sourceTree = "<group>"; };
		63BE0ECE94D07FC682D61BAA /* Info.plist */ = {isa = PBXFileReference; lastKnownFileType = text.plist; path = Info.plist; sourceTree = "<group>"; };
		654F1FEA2298640F3E49EA5F /* Injection.swift */ = {isa = PBXFileReference; lastKnownFileType = sourcecode.swift; path = Injection.swift; sourceTree = "<group>"; };
		6EE58B0BE54E7019B2F4608F /* FavoriteView.swift */ = {isa = PBXFileReference; lastKnownFileType = sourcecode.swift; path = FavoriteView.swift; sourceTree = "<group>"; };
		6F4B343B79A412712E329641 /* WidgetInjection.swift */ = {isa = PBXFileReference; lastKnownFileType = sourcecode.swift; path = WidgetInjection.swift; sourceTree = "<group>"; };
		6FF81590377274888C4AF24C /* SearchReducer.swift */ = {isa = PBXFileReference; lastKnownFileType = sourcecode.swift; path = SearchReducer.swift; sourceTree = "<group>"; };
		70A8D7CF20D086E2BC9D9566 /* FavoriteReducer.swift */ = {isa = PBXFileReference; lastKnownFileType = sourcecode.swift; path = FavoriteReducer.swift; sourceTree = "<group>"; };
		7A23DAF16BC2642AD6B37D92 /* WidgetProvider.swift */ = {isa = PBXFileReference; lastKnownFileType = sourcecode.swift; path = WidgetProvider.swift; sourceTree = "<group>"; };
		7E25C12064E7046138852143 /* HomeReducer.swift */ = {isa = PBXFileReference; lastKnownFileType = sourcecode.swift; path = HomeReducer.swift; sourceTree = "<group>"; };
		850B47E5C48B8FE0892B6879 /* Common */ = {isa = PBXFileReference; lastKnownFileType = folder; name = Common; path = Modules/Common/Common; sourceTree = SOURCE_ROOT; };
		85CD349D1B53809256E1A954 /* AppIcon.xcassets */ = {isa = PBXFileReference; lastKnownFileType = folder.assetcatalog; path = AppIcon.xcassets; sourceTree = "<group>"; };
		86A359775DFADE9BA890AF34 /* MainTabView.swift */ = {isa = PBXFileReference; lastKnownFileType = sourcecode.swift; path = MainTabView.swift; sourceTree = "<group>"; };
		8D04301DBDD6A74BD5B1E577 /* WebView.swift */ = {isa = PBXFileReference; lastKnownFileType = sourcecode.swift; path = WebView.swift; sourceTree = "<group>"; };
		962A62947D1F56730463AD3F /* GiphyWidget.appex */ = {isa = PBXFileReference; explicitFileType = "wrapper.app-extension"; includeInIndex = 0; path = GiphyWidget.appex; sourceTree = BUILT_PRODUCTS_DIR; };
		96C56A10E49815751F56281C /* HomeView.swift */ = {isa = PBXFileReference; lastKnownFileType = sourcecode.swift; path = HomeView.swift; sourceTree = "<group>"; };
		9D8447487FBE8566FDE5B718 /* Preview Assets.xcassets */ = {isa = PBXFileReference; lastKnownFileType = folder.assetcatalog; path = "Preview Assets.xcassets"; sourceTree = "<group>"; };
		A1FCA110D56C7AFD8179B434 /* ActivityIndicator.swift */ = {isa = PBXFileReference; lastKnownFileType = sourcecode.swift; path = ActivityIndicator.swift; sourceTree = "<group>"; };
		A34286B04C01F316E7701F38 /* DetailView.swift */ = {isa = PBXFileReference; lastKnownFileType = sourcecode.swift; path = DetailView.swift; sourceTree = "<group>"; };
		A3586F9040BD334CDA4D37FB /* GiphyWidget.intentdefinition */ = {isa = PBXFileReference; lastKnownFileType = file.intentdefinition; path = GiphyWidget.intentdefinition; sourceTree = "<group>"; };
		AAEBCCD8D63D13A2D111630E /* GiphyMockResponse.json */ = {isa = PBXFileReference; lastKnownFileType = text.json; path = GiphyMockResponse.json; sourceTree = "<group>"; };
		AE6CCBB97D3741BDB5DFCD4B /* Info.plist */ = {isa = PBXFileReference; lastKnownFileType = text.plist; path = Info.plist; sourceTree = "<group>"; };
		AEDAF930FF665AFC95E3823B /* GiphyGIFTests.xctest */ = {isa = PBXFileReference; includeInIndex = 0; lastKnownFileType = wrapper.cfbundle; path = GiphyGIFTests.xctest; sourceTree = BUILT_PRODUCTS_DIR; };
		B2ADB48C0B27706A268DD677 /* Giphy */ = {isa = PBXFileReference; lastKnownFileType = folder; name = Giphy; path = Modules/Giphy/Giphy; sourceTree = SOURCE_ROOT; };
		B3484CB1ED5A29306AB2BB72 /* AppCoordinator.swift */ = {isa = PBXFileReference; lastKnownFileType = sourcecode.swift; path = AppCoordinator.swift; sourceTree = "<group>"; };
		CE59E05B2ADB7D23006C71AA /* Button.swift */ = {isa = PBXFileReference; lastKnownFileType = sourcecode.swift; path = Button.swift; sourceTree = "<group>"; };
		CE59E05D2ADBFF1C006C71AA /* NyanCatLoading.swift */ = {isa = PBXFileReference; lastKnownFileType = sourcecode.swift; path = NyanCatLoading.swift; sourceTree = "<group>"; };
		CEAF47F92ADAC790002008DC /* HelveticaNeue-Medium.ttf */ = {isa = PBXFileReference; lastKnownFileType = file; path = "HelveticaNeue-Medium.ttf"; sourceTree = "<group>"; };
		CEAF47FA2ADAC790002008DC /* HelveticaNeue-Light.ttf */ = {isa = PBXFileReference; lastKnownFileType = file; path = "HelveticaNeue-Light.ttf"; sourceTree = "<group>"; };
		CEAF47FB2ADAC790002008DC /* HelveticaNeue-Bold.ttf */ = {isa = PBXFileReference; lastKnownFileType = file; path = "HelveticaNeue-Bold.ttf"; sourceTree = "<group>"; };
		CEAF47FC2ADAC79D002008DC /* Font.swift */ = {isa = PBXFileReference; lastKnownFileType = sourcecode.swift; path = Font.swift; sourceTree = "<group>"; };
		D30B668435D1FE6E03C781AD /* Blur.swift */ = {isa = PBXFileReference; lastKnownFileType = sourcecode.swift; path = Blur.swift; sourceTree = "<group>"; };
		DBEB6BD3D9B81ED6BD6E6381 /* Assets.xcassets */ = {isa = PBXFileReference; lastKnownFileType = folder.assetcatalog; path = Assets.xcassets; sourceTree = "<group>"; };
		E1FD2AFA1395F2E44CA33669 /* GiphyItemRow.swift */ = {isa = PBXFileReference; lastKnownFileType = sourcecode.swift; path = GiphyItemRow.swift; sourceTree = "<group>"; };
		E342058E89C33D11BB48C40D /* NetworkError.swift */ = {isa = PBXFileReference; lastKnownFileType = sourcecode.swift; path = NetworkError.swift; sourceTree = "<group>"; };
		EA834D097518710AB822A5FF /* GiphyApp.swift */ = {isa = PBXFileReference; lastKnownFileType = sourcecode.swift; path = GiphyApp.swift; sourceTree = "<group>"; };
		F839EAEA4678323D86C344A3 /* SwiftUI.framework */ = {isa = PBXFileReference; lastKnownFileType = wrapper.framework; name = SwiftUI.framework; path = System/Library/Frameworks/SwiftUI.framework; sourceTree = SDKROOT; };
		FBE13E54D75042EF8E246856 /* TabReducer.swift */ = {isa = PBXFileReference; lastKnownFileType = sourcecode.swift; path = TabReducer.swift; sourceTree = "<group>"; };
/* End PBXFileReference section */

/* Begin PBXFrameworksBuildPhase section */
		BEA9E8680ABAD4F426E0D3DC /* Frameworks */ = {
			isa = PBXFrameworksBuildPhase;
			buildActionMask = 2147483647;
			files = (
				155222618239CAEA713CD2F9 /* Giphy in Frameworks */,
				0DD33BD1DCF870FA7BD4AEA9 /* Common in Frameworks */,
				FB1F7DACA9C4D01A059F9F4D /* SDWebImageSwiftUI in Frameworks */,
				C10C32768D7A58A0B1044282 /* Swinject in Frameworks */,
				15FEAD984B4D72D21D5AB279 /* Lottie in Frameworks */,
			);
			runOnlyForDeploymentPostprocessing = 0;
		};
		FC5B1C382A4BFCB720571D4A /* Frameworks */ = {
			isa = PBXFrameworksBuildPhase;
			buildActionMask = 2147483647;
			files = (
				7BCD23F5743735FF4E5821B5 /* Giphy in Frameworks */,
				4E8C0707BB82A0593EA6196D /* Common in Frameworks */,
				15FF356CC3AA6C88CB6170E6 /* SDWebImageSwiftUI in Frameworks */,
				CB8E6C6FBA263F41F0CC388C /* Swinject in Frameworks */,
				B866A00A1B83FC875F64074E /* Lottie in Frameworks */,
				F4173D35B125DC7C6B123076 /* SwiftUI.framework in Frameworks */,
				F635A1BE5E3E7A61A6AF9789 /* WidgetKit.framework in Frameworks */,
			);
			runOnlyForDeploymentPostprocessing = 0;
		};
/* End PBXFrameworksBuildPhase section */

/* Begin PBXGroup section */
		000D7337875D28BB052459DB /* Favorite */ = {
			isa = PBXGroup;
			children = (
				083B32A46E6D1CA8D9DC5C45 /* GiphyWidget.swift */,
				7A23DAF16BC2642AD6B37D92 /* WidgetProvider.swift */,
			);
			path = Favorite;
			sourceTree = "<group>";
		};
		121576B2D71A751A61B54ED6 /* GiphyWidget */ = {
			isa = PBXGroup;
			children = (
				DBEB6BD3D9B81ED6BD6E6381 /* Assets.xcassets */,
				A3586F9040BD334CDA4D37FB /* GiphyWidget.intentdefinition */,
				2DC9E7307B14CF90C39F58E3 /* Info.plist */,
				6F2F0579C136A08B6D0E339D /* Dependency */,
				3247ED28FFA231BA28C7991F /* Widgets */,
			);
			path = GiphyWidget;
			sourceTree = "<group>";
		};
		1B5CA93B5BB44918F818957E /* Data */ = {
			isa = PBXGroup;
			children = (
				AAEBCCD8D63D13A2D111630E /* GiphyMockResponse.json */,
			);
			path = Data;
			sourceTree = "<group>";
		};
		226727887C4208C39866AB3A /* Preview Content */ = {
			isa = PBXGroup;
			children = (
				9D8447487FBE8566FDE5B718 /* Preview Assets.xcassets */,
			);
			path = "Preview Content";
			sourceTree = "<group>";
		};
		2EDFA9DAE5CCF2DF7C7D5D35 /* Dependency */ = {
			isa = PBXGroup;
			children = (
				654F1FEA2298640F3E49EA5F /* Injection.swift */,
			);
			path = Dependency;
			sourceTree = "<group>";
		};
		3247ED28FFA231BA28C7991F /* Widgets */ = {
			isa = PBXGroup;
			children = (
				000D7337875D28BB052459DB /* Favorite */,
			);
			path = Widgets;
			sourceTree = "<group>";
		};
		36F5583238BF95C7E1C1C7F4 = {
			isa = PBXGroup;
			children = (
				C6C8B78E92272EDFAF280D4F /* GiphyGIF */,
				BE35E4BED0708869F6E1C0C0 /* GiphyGIFTests */,
				121576B2D71A751A61B54ED6 /* GiphyWidget */,
				6F073CBFEA4BA4E05E2D741F /* Packages */,
				AD425A5426B7AFD97784C1C2 /* Frameworks */,
				FC89BDE6D7E74C45427B26C6 /* Products */,
			);
			indentWidth = 2;
			sourceTree = "<group>";
			tabWidth = 2;
		};
		384A2737BAC51E3415CF8F64 /* Main */ = {
			isa = PBXGroup;
			children = (
				86A359775DFADE9BA890AF34 /* MainTabView.swift */,
				FBE13E54D75042EF8E246856 /* TabReducer.swift */,
			);
			path = Main;
			sourceTree = "<group>";
		};
		65A1348ED90E0B199DA5F23E /* Home */ = {
			isa = PBXGroup;
			children = (
				E1FD2AFA1395F2E44CA33669 /* GiphyItemRow.swift */,
				7E25C12064E7046138852143 /* HomeReducer.swift */,
				96C56A10E49815751F56281C /* HomeView.swift */,
				CE59E05B2ADB7D23006C71AA /* Button.swift */,
			);
			path = Home;
			sourceTree = "<group>";
		};
		6F073CBFEA4BA4E05E2D741F /* Packages */ = {
			isa = PBXGroup;
			children = (
				850B47E5C48B8FE0892B6879 /* Common */,
				B2ADB48C0B27706A268DD677 /* Giphy */,
			);
			name = Packages;
			sourceTree = SOURCE_ROOT;
		};
		6F2F0579C136A08B6D0E339D /* Dependency */ = {
			isa = PBXGroup;
			children = (
				6F4B343B79A412712E329641 /* WidgetInjection.swift */,
			);
			path = Dependency;
			sourceTree = "<group>";
		};
		74ED883079CC87A7D0CFF501 /* Favorite */ = {
			isa = PBXGroup;
			children = (
				70A8D7CF20D086E2BC9D9566 /* FavoriteReducer.swift */,
				6EE58B0BE54E7019B2F4608F /* FavoriteView.swift */,
			);
			path = Favorite;
			sourceTree = "<group>";
		};
		92E00BE8825EA0D3E03A4D26 /* Dependency */ = {
			isa = PBXGroup;
			children = (
				10C29FA2E304102B8C8DE66E /* TestInjection.swift */,
			);
			path = Dependency;
			sourceTree = "<group>";
		};
		A0FFC2D83911CB3400F74093 /* Remote */ = {
			isa = PBXGroup;
			children = (
				22B27C3BAB096009053B567D /* DummyRemoteDataSource.swift */,
				383CFE42085BB9DE15FF70E2 /* GiphyRemoteTestCase.swift */,
			);
			path = Remote;
			sourceTree = "<group>";
		};
		AA94C5DB7EC93657035A2622 /* Features */ = {
			isa = PBXGroup;
			children = (
				C9B56E37ED7E44B4E9E5137B /* Detail */,
				74ED883079CC87A7D0CFF501 /* Favorite */,
				65A1348ED90E0B199DA5F23E /* Home */,
				CD49F00C3260D24F1EA5BBC0 /* Search */,
			);
			path = Features;
			sourceTree = "<group>";
		};
		AD057B619593B2E9AF6B2C7D /* Resources */ = {
			isa = PBXGroup;
			children = (
				CEAF47F82ADAC790002008DC /* Fonts */,
				85CD349D1B53809256E1A954 /* AppIcon.xcassets */,
				AE6CCBB97D3741BDB5DFCD4B /* Info.plist */,
			);
			path = Resources;
			sourceTree = "<group>";
		};
		AD425A5426B7AFD97784C1C2 /* Frameworks */ = {
			isa = PBXGroup;
			children = (
				F839EAEA4678323D86C344A3 /* SwiftUI.framework */,
				4468B945CB3A8C0C90AC413A /* WidgetKit.framework */,
			);
			name = Frameworks;
			sourceTree = "<group>";
		};
		AE750C22000095C8A2D7F205 /* Helper */ = {
			isa = PBXGroup;
			children = (
				3A221B86EB8E7AD832EC5842 /* AnyPublisher+Wait.swift */,
				55E8FB6691BF7BFFF5443E43 /* JSONLoader.swift */,
				E342058E89C33D11BB48C40D /* NetworkError.swift */,
			);
			path = Helper;
			sourceTree = "<group>";
		};
		AF71A8C346C2716DCFD8040A /* App */ = {
			isa = PBXGroup;
			children = (
				B3484CB1ED5A29306AB2BB72 /* AppCoordinator.swift */,
				EA834D097518710AB822A5FF /* GiphyApp.swift */,
				1F65931A712EDB750E83277F /* LaunchScreen.storyboard */,
				384A2737BAC51E3415CF8F64 /* Main */,
				AD057B619593B2E9AF6B2C7D /* Resources */,
				CE5F224B35FAF5E385138C47 /* Utils */,
			);
			path = App;
			sourceTree = "<group>";
		};
		BE35E4BED0708869F6E1C0C0 /* GiphyGIFTests */ = {
			isa = PBXGroup;
			children = (
				63BE0ECE94D07FC682D61BAA /* Info.plist */,
				1B5CA93B5BB44918F818957E /* Data */,
				92E00BE8825EA0D3E03A4D26 /* Dependency */,
				AE750C22000095C8A2D7F205 /* Helper */,
				C936C31DA14B7DFF170013D4 /* TestCase */,
			);
			path = GiphyGIFTests;
			sourceTree = "<group>";
		};
		C6C8B78E92272EDFAF280D4F /* GiphyGIF */ = {
			isa = PBXGroup;
			children = (
				AF71A8C346C2716DCFD8040A /* App */,
				2EDFA9DAE5CCF2DF7C7D5D35 /* Dependency */,
				AA94C5DB7EC93657035A2622 /* Features */,
				226727887C4208C39866AB3A /* Preview Content */,
			);
			path = GiphyGIF;
			sourceTree = "<group>";
		};
		C9107E84EC66B006A57B371D /* Local */ = {
			isa = PBXGroup;
			children = (
				316F3CA40BC1046843D6298F /* GiphyLocalTestCase.swift */,
			);
			path = Local;
			sourceTree = "<group>";
		};
		C936C31DA14B7DFF170013D4 /* TestCase */ = {
			isa = PBXGroup;
			children = (
				C9107E84EC66B006A57B371D /* Local */,
				A0FFC2D83911CB3400F74093 /* Remote */,
			);
			path = TestCase;
			sourceTree = "<group>";
		};
		C9B56E37ED7E44B4E9E5137B /* Detail */ = {
			isa = PBXGroup;
			children = (
				1A9850FC0568D037B6039B53 /* DetailReducer.swift */,
				A34286B04C01F316E7701F38 /* DetailView.swift */,
			);
			path = Detail;
			sourceTree = "<group>";
		};
		CD49F00C3260D24F1EA5BBC0 /* Search */ = {
			isa = PBXGroup;
			children = (
				0310386E085A9DF7FBA91679 /* GiphyGridRow.swift */,
				6FF81590377274888C4AF24C /* SearchReducer.swift */,
				3E907044EADE6A4EE6483476 /* SearchView.swift */,
			);
			path = Search;
			sourceTree = "<group>";
		};
		CE5F224B35FAF5E385138C47 /* Utils */ = {
			isa = PBXGroup;
			children = (
				CEAF47FC2ADAC79D002008DC /* Font.swift */,
				A1FCA110D56C7AFD8179B434 /* ActivityIndicator.swift */,
				D30B668435D1FE6E03C781AD /* Blur.swift */,
				3EB9DF28A820ADF48A333FFA /* LottieView.swift */,
				8D04301DBDD6A74BD5B1E577 /* WebView.swift */,
				CE59E05D2ADBFF1C006C71AA /* NyanCatLoading.swift */,
			);
			path = Utils;
			sourceTree = "<group>";
		};
		CEAF47F82ADAC790002008DC /* Fonts */ = {
			isa = PBXGroup;
			children = (
				CEAF47F92ADAC790002008DC /* HelveticaNeue-Medium.ttf */,
				CEAF47FA2ADAC790002008DC /* HelveticaNeue-Light.ttf */,
				CEAF47FB2ADAC790002008DC /* HelveticaNeue-Bold.ttf */,
			);
			path = Fonts;
			sourceTree = "<group>";
		};
		FC89BDE6D7E74C45427B26C6 /* Products */ = {
			isa = PBXGroup;
			children = (
				490EA18627B667192126C3FD /* GiphyGIF.app */,
				AEDAF930FF665AFC95E3823B /* GiphyGIFTests.xctest */,
				962A62947D1F56730463AD3F /* GiphyWidget.appex */,
			);
			name = Products;
			sourceTree = "<group>";
		};
/* End PBXGroup section */

/* Begin PBXNativeTarget section */
		67995534B460A622F45EA7E6 /* GiphyGIFTests */ = {
			isa = PBXNativeTarget;
			buildConfigurationList = 47943729BC46C9FDF814BBB9 /* Build configuration list for PBXNativeTarget "GiphyGIFTests" */;
			buildPhases = (
				C1784A5674EC00BF251BB5B4 /* Sources */,
				A3A564DFDC0C50F82D437C14 /* Resources */,
			);
			buildRules = (
			);
			dependencies = (
				40D8E8F207580DE1D9E29A9D /* PBXTargetDependency */,
			);
			name = GiphyGIFTests;
			productName = GiphyGIFTests;
			productReference = AEDAF930FF665AFC95E3823B /* GiphyGIFTests.xctest */;
			productType = "com.apple.product-type.bundle.unit-test";
		};
		7FBF0A3B760480643177202C /* GiphyGIF */ = {
			isa = PBXNativeTarget;
			buildConfigurationList = 92C5142442798E94D9C94F3B /* Build configuration list for PBXNativeTarget "GiphyGIF" */;
			buildPhases = (
				283FD3192394FA8C01D619B1 /* Sources */,
				48638699B4FF0AA79B169043 /* Run Script */,
				42AB71623F7E61AC8E375A8D /* Resources */,
				BEA9E8680ABAD4F426E0D3DC /* Frameworks */,
				3F919EE7FD3F3DBFBEA33031 /* Embed Foundation Extensions */,
			);
			buildRules = (
			);
			dependencies = (
				8B42307253B444D2C1F45E87 /* PBXTargetDependency */,
			);
			name = GiphyGIF;
			packageProductDependencies = (
				1E6C593D3D3D6B8F1300447C /* Giphy */,
				E3BE968928EE820FA260C2EA /* Common */,
				FB888D0C3243B972C1D1762A /* SDWebImageSwiftUI */,
				6AE95703D73F7704F5A0982D /* Swinject */,
				0A5BE6E9E67C67BD24D2CC13 /* Lottie */,
			);
			productName = GiphyGIF;
			productReference = 490EA18627B667192126C3FD /* GiphyGIF.app */;
			productType = "com.apple.product-type.application";
		};
		C77349FB459BA7151EE9510C /* GiphyWidget */ = {
			isa = PBXNativeTarget;
			buildConfigurationList = C0ACDC283A002F81B1708488 /* Build configuration list for PBXNativeTarget "GiphyWidget" */;
			buildPhases = (
				837218BE4CCF25694CB8BF90 /* Sources */,
				6215BEF2E9A854477E270F71 /* Resources */,
				FC5B1C382A4BFCB720571D4A /* Frameworks */,
			);
			buildRules = (
			);
			dependencies = (
			);
			name = GiphyWidget;
			packageProductDependencies = (
				B1094643B2543D5662828B87 /* Giphy */,
				4A9D6DC77ACB35C3FBFD5891 /* Common */,
				DF49503E38FE86BE9A7FF090 /* SDWebImageSwiftUI */,
				BD6DA8AA6742A0D2546EED55 /* Swinject */,
				486C25930E87D0D95EBE9360 /* Lottie */,
			);
			productName = GiphyWidget;
			productReference = 962A62947D1F56730463AD3F /* GiphyWidget.appex */;
			productType = "com.apple.product-type.app-extension";
		};
/* End PBXNativeTarget section */

/* Begin PBXProject section */
		7CE1D587CAD236B8DA3380A3 /* Project object */ = {
			isa = PBXProject;
			attributes = {
				LastUpgradeCheck = 1200;
				TargetAttributes = {
					67995534B460A622F45EA7E6 = {
						ProvisioningStyle = Automatic;
					};
					7FBF0A3B760480643177202C = {
						ProvisioningStyle = Automatic;
					};
					C77349FB459BA7151EE9510C = {
						ProvisioningStyle = Automatic;
					};
				};
			};
			buildConfigurationList = FDEF629712F3C794B5672A17 /* Build configuration list for PBXProject "GiphyGIF" */;
			compatibilityVersion = "Xcode 11.0";
			developmentRegion = en;
			hasScannedForEncodings = 0;
			knownRegions = (
				Base,
				en,
			);
			mainGroup = 36F5583238BF95C7E1C1C7F4;
			packageReferences = (
				991DC321A49A86A39FFB406C /* XCRemoteSwiftPackageReference "lottie-spm" */,
				ECF4CEADAB4DA0B08B9558D3 /* XCRemoteSwiftPackageReference "SDWebImageSwiftUI" */,
				CA03A7DD9B176F5A4DB4594A /* XCRemoteSwiftPackageReference "Swinject" */,
			);
			projectDirPath = "";
			projectRoot = "";
			targets = (
				7FBF0A3B760480643177202C /* GiphyGIF */,
				67995534B460A622F45EA7E6 /* GiphyGIFTests */,
				C77349FB459BA7151EE9510C /* GiphyWidget */,
			);
		};
/* End PBXProject section */

/* Begin PBXResourcesBuildPhase section */
		42AB71623F7E61AC8E375A8D /* Resources */ = {
			isa = PBXResourcesBuildPhase;
			buildActionMask = 2147483647;
			files = (
				8F9E18D935276611313C3CF9 /* AppIcon.xcassets in Resources */,
				CEAF47FF2ADAC810002008DC /* HelveticaNeue-Medium.ttf in Resources */,
				CEAF48002ADAC810002008DC /* HelveticaNeue-Bold.ttf in Resources */,
				0405A682A463C8DE30E3004F /* LaunchScreen.storyboard in Resources */,
				CEAF47FE2ADAC810002008DC /* HelveticaNeue-Light.ttf in Resources */,
				78DEE57D6888F21BA23C4E4C /* Preview Assets.xcassets in Resources */,
			);
			runOnlyForDeploymentPostprocessing = 0;
		};
		6215BEF2E9A854477E270F71 /* Resources */ = {
			isa = PBXResourcesBuildPhase;
			buildActionMask = 2147483647;
			files = (
				190F95EE11BEDE20B8C4B398 /* Assets.xcassets in Resources */,
			);
			runOnlyForDeploymentPostprocessing = 0;
		};
		A3A564DFDC0C50F82D437C14 /* Resources */ = {
			isa = PBXResourcesBuildPhase;
			buildActionMask = 2147483647;
			files = (
				075A635C902F0E7DE6725D24 /* GiphyMockResponse.json in Resources */,
			);
			runOnlyForDeploymentPostprocessing = 0;
		};
/* End PBXResourcesBuildPhase section */

/* Begin PBXShellScriptBuildPhase section */
		48638699B4FF0AA79B169043 /* Run Script */ = {
			isa = PBXShellScriptBuildPhase;
			buildActionMask = 2147483647;
			files = (
			);
			inputFileListPaths = (
			);
			inputPaths = (
			);
			name = "Run Script";
			outputFileListPaths = (
			);
			outputPaths = (
			);
			runOnlyForDeploymentPostprocessing = 0;
			shellPath = /bin/sh;
			shellScript = "if test -d \"/opt/homebrew/bin/\"; then\n  PATH=\"/opt/homebrew/bin/:/opt/homebrew/bin:/opt/homebrew/sbin:/usr/local/bin:/System/Cryptexes/App/usr/bin:/usr/bin:/bin:/usr/sbin:/sbin:/Library/Apple/usr/bin:/var/run/com.apple.security.cryptexd/codex.system/bootstrap/usr/local/bin:/var/run/com.apple.security.cryptexd/codex.system/bootstrap/usr/bin:/var/run/com.apple.security.cryptexd/codex.system/bootstrap/usr/appleinternal/bin:/opt/homebrew/bin:/opt/homebrew/bin\"\nfi\n\nexport PATH\n\nif which swiftlint >/dev/null; then\n  swiftlint\nelse\n  echo \"warning: SwiftLint not installed, download from https://github.com/realm/SwiftLint\"\nfi\n";
		};
/* End PBXShellScriptBuildPhase section */

/* Begin PBXSourcesBuildPhase section */
		283FD3192394FA8C01D619B1 /* Sources */ = {
			isa = PBXSourcesBuildPhase;
			buildActionMask = 2147483647;
			files = (
				AD1FC9D49CF6AD2252DE6F36 /* ActivityIndicator.swift in Sources */,
				19BF92D450038CBCD8BE8C9E /* AppCoordinator.swift in Sources */,
				219CCE4248CE57B83969EDAC /* Blur.swift in Sources */,
				49819E28B59C8A041018DBA2 /* DetailReducer.swift in Sources */,
				24E63CD19355A63E1BFF99B1 /* DetailView.swift in Sources */,
				D6FB511363FF4786F10305F5 /* FavoriteReducer.swift in Sources */,
				C3163A60D66CC1DC806775BB /* FavoriteView.swift in Sources */,
				CE59E05E2ADBFF1C006C71AA /* NyanCatLoading.swift in Sources */,
				CE59E05C2ADB7D23006C71AA /* Button.swift in Sources */,
				543472EBC1B0CB8EF31FA266 /* GiphyApp.swift in Sources */,
				A749DE18FDDF1037E4F43C75 /* HomeReducer.swift in Sources */,
				667B03CF92209B347661166B /* GiphyGridRow.swift in Sources */,
				427BAECD5E0B2EA3D882131F /* HomeView.swift in Sources */,
				798D34DB5C33A094E6280C26 /* Injection.swift in Sources */,
				CEAF47FD2ADAC79D002008DC /* Font.swift in Sources */,
				2B66078FD162FAC29BB05EC2 /* LottieView.swift in Sources */,
				EFD239E10F368102A8E225D2 /* MainTabView.swift in Sources */,
				A5F89867E1E8E9ADA401A4A3 /* SearchReducer.swift in Sources */,
				D908D9188395D16A7C48F408 /* GiphyItemRow.swift in Sources */,
				5FD73D79CC39F9B25D0C3C04 /* SearchView.swift in Sources */,
				968213569E846D0EF2B1A897 /* TabReducer.swift in Sources */,
				FB68FC3E26326D11EA23FC0B /* WebView.swift in Sources */,
			);
			runOnlyForDeploymentPostprocessing = 0;
		};
		837218BE4CCF25694CB8BF90 /* Sources */ = {
			isa = PBXSourcesBuildPhase;
			buildActionMask = 2147483647;
			files = (
				9EBA0696AF8FA977D979CEDC /* GiphyWidget.intentdefinition in Sources */,
				CFDF1DA6E5B43864A7B913E4 /* GiphyWidget.swift in Sources */,
				FFB0CD0BEAEFC7CB11C246B7 /* WidgetInjection.swift in Sources */,
				3FADA28D115F083EA03D0D38 /* WidgetProvider.swift in Sources */,
			);
			runOnlyForDeploymentPostprocessing = 0;
		};
		C1784A5674EC00BF251BB5B4 /* Sources */ = {
			isa = PBXSourcesBuildPhase;
			buildActionMask = 2147483647;
			files = (
				AAE7D616B2E9B91117965C23 /* AnyPublisher+Wait.swift in Sources */,
				F27B1AB4448E900CFC6C2500 /* DummyRemoteDataSource.swift in Sources */,
				7C6202552C1DC87E7CAF8055 /* GiphyLocalTestCase.swift in Sources */,
				DD3EAC93E763C837DE70B4A8 /* GiphyRemoteTestCase.swift in Sources */,
				537FD05C928C434BB1742D87 /* JSONLoader.swift in Sources */,
				FB19B8590477E44610E94632 /* NetworkError.swift in Sources */,
				5996B8E6D837B0C13215BC88 /* TestInjection.swift in Sources */,
			);
			runOnlyForDeploymentPostprocessing = 0;
		};
/* End PBXSourcesBuildPhase section */

/* Begin PBXTargetDependency section */
		40D8E8F207580DE1D9E29A9D /* PBXTargetDependency */ = {
			isa = PBXTargetDependency;
			target = 7FBF0A3B760480643177202C /* GiphyGIF */;
			targetProxy = 79444CD26CC6C9FD0372618A /* PBXContainerItemProxy */;
		};
		8B42307253B444D2C1F45E87 /* PBXTargetDependency */ = {
			isa = PBXTargetDependency;
			target = C77349FB459BA7151EE9510C /* GiphyWidget */;
			targetProxy = F68C153BFB73925460EB93B5 /* PBXContainerItemProxy */;
		};
/* End PBXTargetDependency section */

/* Begin XCBuildConfiguration section */
		01E79DDF7A5FD8B4178BD913 /* Release */ = {
			isa = XCBuildConfiguration;
			buildSettings = {
				ALWAYS_SEARCH_USER_PATHS = NO;
				CLANG_ANALYZER_NONNULL = YES;
				CLANG_ANALYZER_NUMBER_OBJECT_CONVERSION = YES_AGGRESSIVE;
				CLANG_CXX_LANGUAGE_STANDARD = "gnu++14";
				CLANG_CXX_LIBRARY = "libc++";
				CLANG_ENABLE_MODULES = YES;
				CLANG_ENABLE_OBJC_ARC = YES;
				CLANG_ENABLE_OBJC_WEAK = YES;
				CLANG_WARN_BLOCK_CAPTURE_AUTORELEASING = YES;
				CLANG_WARN_BOOL_CONVERSION = YES;
				CLANG_WARN_COMMA = YES;
				CLANG_WARN_CONSTANT_CONVERSION = YES;
				CLANG_WARN_DEPRECATED_OBJC_IMPLEMENTATIONS = YES;
				CLANG_WARN_DIRECT_OBJC_ISA_USAGE = YES_ERROR;
				CLANG_WARN_DOCUMENTATION_COMMENTS = YES;
				CLANG_WARN_EMPTY_BODY = YES;
				CLANG_WARN_ENUM_CONVERSION = YES;
				CLANG_WARN_INFINITE_RECURSION = YES;
				CLANG_WARN_INT_CONVERSION = YES;
				CLANG_WARN_NON_LITERAL_NULL_CONVERSION = YES;
				CLANG_WARN_OBJC_IMPLICIT_RETAIN_SELF = YES;
				CLANG_WARN_OBJC_LITERAL_CONVERSION = YES;
				CLANG_WARN_OBJC_ROOT_CLASS = YES_ERROR;
				CLANG_WARN_QUOTED_INCLUDE_IN_FRAMEWORK_HEADER = YES;
				CLANG_WARN_RANGE_LOOP_ANALYSIS = YES;
				CLANG_WARN_STRICT_PROTOTYPES = YES;
				CLANG_WARN_SUSPICIOUS_MOVE = YES;
				CLANG_WARN_UNGUARDED_AVAILABILITY = YES_AGGRESSIVE;
				CLANG_WARN_UNREACHABLE_CODE = YES;
				CLANG_WARN__DUPLICATE_METHOD_MATCH = YES;
				COPY_PHASE_STRIP = NO;
				DEBUG_INFORMATION_FORMAT = "dwarf-with-dsym";
				ENABLE_NS_ASSERTIONS = NO;
				ENABLE_STRICT_OBJC_MSGSEND = YES;
				GCC_C_LANGUAGE_STANDARD = gnu11;
				GCC_NO_COMMON_BLOCKS = YES;
				GCC_WARN_64_TO_32_BIT_CONVERSION = YES;
				GCC_WARN_ABOUT_RETURN_TYPE = YES_ERROR;
				GCC_WARN_UNDECLARED_SELECTOR = YES;
				GCC_WARN_UNINITIALIZED_AUTOS = YES_AGGRESSIVE;
				GCC_WARN_UNUSED_FUNCTION = YES;
				GCC_WARN_UNUSED_VARIABLE = YES;
				IPHONEOS_DEPLOYMENT_TARGET = 16.0;
				MTL_ENABLE_DEBUG_INFO = NO;
				MTL_FAST_MATH = YES;
				PRODUCT_NAME = "$(TARGET_NAME)";
				SDKROOT = iphoneos;
				SWIFT_COMPILATION_MODE = wholemodule;
				SWIFT_OPTIMIZATION_LEVEL = "-O";
				SWIFT_VERSION = 5.0;
			};
			name = Release;
		};
		288F7A45517708999CDD3C26 /* Debug */ = {
			isa = XCBuildConfiguration;
			buildSettings = {
				ALWAYS_SEARCH_USER_PATHS = NO;
				CLANG_ANALYZER_NONNULL = YES;
				CLANG_ANALYZER_NUMBER_OBJECT_CONVERSION = YES_AGGRESSIVE;
				CLANG_CXX_LANGUAGE_STANDARD = "gnu++14";
				CLANG_CXX_LIBRARY = "libc++";
				CLANG_ENABLE_MODULES = YES;
				CLANG_ENABLE_OBJC_ARC = YES;
				CLANG_ENABLE_OBJC_WEAK = YES;
				CLANG_WARN_BLOCK_CAPTURE_AUTORELEASING = YES;
				CLANG_WARN_BOOL_CONVERSION = YES;
				CLANG_WARN_COMMA = YES;
				CLANG_WARN_CONSTANT_CONVERSION = YES;
				CLANG_WARN_DEPRECATED_OBJC_IMPLEMENTATIONS = YES;
				CLANG_WARN_DIRECT_OBJC_ISA_USAGE = YES_ERROR;
				CLANG_WARN_DOCUMENTATION_COMMENTS = YES;
				CLANG_WARN_EMPTY_BODY = YES;
				CLANG_WARN_ENUM_CONVERSION = YES;
				CLANG_WARN_INFINITE_RECURSION = YES;
				CLANG_WARN_INT_CONVERSION = YES;
				CLANG_WARN_NON_LITERAL_NULL_CONVERSION = YES;
				CLANG_WARN_OBJC_IMPLICIT_RETAIN_SELF = YES;
				CLANG_WARN_OBJC_LITERAL_CONVERSION = YES;
				CLANG_WARN_OBJC_ROOT_CLASS = YES_ERROR;
				CLANG_WARN_QUOTED_INCLUDE_IN_FRAMEWORK_HEADER = YES;
				CLANG_WARN_RANGE_LOOP_ANALYSIS = YES;
				CLANG_WARN_STRICT_PROTOTYPES = YES;
				CLANG_WARN_SUSPICIOUS_MOVE = YES;
				CLANG_WARN_UNGUARDED_AVAILABILITY = YES_AGGRESSIVE;
				CLANG_WARN_UNREACHABLE_CODE = YES;
				CLANG_WARN__DUPLICATE_METHOD_MATCH = YES;
				COPY_PHASE_STRIP = NO;
				DEBUG_INFORMATION_FORMAT = dwarf;
				ENABLE_STRICT_OBJC_MSGSEND = YES;
				ENABLE_TESTABILITY = YES;
				GCC_C_LANGUAGE_STANDARD = gnu11;
				GCC_DYNAMIC_NO_PIC = NO;
				GCC_NO_COMMON_BLOCKS = YES;
				GCC_OPTIMIZATION_LEVEL = 0;
				GCC_PREPROCESSOR_DEFINITIONS = (
					"$(inherited)",
					"DEBUG=1",
				);
				GCC_WARN_64_TO_32_BIT_CONVERSION = YES;
				GCC_WARN_ABOUT_RETURN_TYPE = YES_ERROR;
				GCC_WARN_UNDECLARED_SELECTOR = YES;
				GCC_WARN_UNINITIALIZED_AUTOS = YES_AGGRESSIVE;
				GCC_WARN_UNUSED_FUNCTION = YES;
				GCC_WARN_UNUSED_VARIABLE = YES;
				IPHONEOS_DEPLOYMENT_TARGET = 16.0;
				MTL_ENABLE_DEBUG_INFO = INCLUDE_SOURCE;
				MTL_FAST_MATH = YES;
				ONLY_ACTIVE_ARCH = YES;
				PRODUCT_NAME = "$(TARGET_NAME)";
				SDKROOT = iphoneos;
				SWIFT_ACTIVE_COMPILATION_CONDITIONS = DEBUG;
				SWIFT_OPTIMIZATION_LEVEL = "-Onone";
				SWIFT_VERSION = 5.0;
			};
			name = Debug;
		};
		5C7EBEA5FAE90D4DC3DBE20B /* Release */ = {
			isa = XCBuildConfiguration;
			buildSettings = {
				API_KEY = EEx8BY3HX9JrYdFZ4Hdcx4Trbj35k5Ic;
				ASSETCATALOG_COMPILER_APPICON_NAME = AppIcon;
				CODE_SIGN_IDENTITY = "iPhone Developer";
				CODE_SIGN_STYLE = Automatic;
				DEVELOPMENT_TEAM = 5S8HRB386G;
				ENABLE_BITCODE = NO;
				INFOPLIST_FILE = GiphyGIF/App/Resources/Info.plist;
				IPHONEOS_DEPLOYMENT_TARGET = 16.0;
				LD_RUNPATH_SEARCH_PATHS = (
					"$(inherited)",
					"@executable_path/Frameworks",
				);
				LIBRARY_SEARCH_PATHS = (
					"$(inherited)",
					"$(PROJECT_DIR)/GiphyGIF",
				);
				MARKETING_VERSION = 1.0.0;
				PRODUCT_BUNDLE_IDENTIFIER = com.uwaisalqadri.GiphyGIF;
				SDKROOT = iphoneos;
				TARGETED_DEVICE_FAMILY = 1;
			};
			name = Release;
		};
		7710A34ECED131E1E23BB414 /* Release */ = {
			isa = XCBuildConfiguration;
			buildSettings = {
				CODE_SIGN_STYLE = Automatic;
				DEVELOPMENT_TEAM = 5S8HRB386G;
				INFOPLIST_FILE = GiphyWidget/Info.plist;
				IPHONEOS_DEPLOYMENT_TARGET = 16.0;
				LD_RUNPATH_SEARCH_PATHS = (
					"$(inherited)",
					"@executable_path/Frameworks",
					"@executable_path/../../Frameworks",
				);
				PRODUCT_BUNDLE_IDENTIFIER = com.uwaisalqadri.GiphyGIF.GiphyWidget;
				SDKROOT = iphoneos;
				TARGETED_DEVICE_FAMILY = "1,2";
			};
			name = Release;
		};
		ABBB4FEB5DEF6B52AE00B2B0 /* Release */ = {
			isa = XCBuildConfiguration;
			buildSettings = {
				BUNDLE_LOADER = "$(TEST_HOST)";
				CODE_SIGN_STYLE = Automatic;
				INFOPLIST_FILE = GiphyGIFTests/Info.plist;
				IPHONEOS_DEPLOYMENT_TARGET = 16.0;
				LD_RUNPATH_SEARCH_PATHS = (
					"$(inherited)",
					"@executable_path/Frameworks",
					"@loader_path/Frameworks",
				);
				PRODUCT_BUNDLE_IDENTIFIER = com.uwaisalqadri.GiphyGIFTests;
				SDKROOT = iphoneos;
				TARGETED_DEVICE_FAMILY = "1,2";
				TEST_HOST = "$(BUILT_PRODUCTS_DIR)/GiphyGIF.app/GiphyGIF";
			};
			name = Release;
		};
		CCEB6127BFFE5403CD6033D9 /* Debug */ = {
			isa = XCBuildConfiguration;
			buildSettings = {
				BUNDLE_LOADER = "$(TEST_HOST)";
				CODE_SIGN_STYLE = Automatic;
				INFOPLIST_FILE = GiphyGIFTests/Info.plist;
				IPHONEOS_DEPLOYMENT_TARGET = 16.0;
				LD_RUNPATH_SEARCH_PATHS = (
					"$(inherited)",
					"@executable_path/Frameworks",
					"@loader_path/Frameworks",
				);
				PRODUCT_BUNDLE_IDENTIFIER = com.uwaisalqadri.GiphyGIFTests;
				SDKROOT = iphoneos;
				TARGETED_DEVICE_FAMILY = "1,2";
				TEST_HOST = "$(BUILT_PRODUCTS_DIR)/GiphyGIF.app/GiphyGIF";
			};
			name = Debug;
		};
		D1BB769053F5AC952DC992EF /* Debug */ = {
			isa = XCBuildConfiguration;
			buildSettings = {
				API_KEY = EEx8BY3HX9JrYdFZ4Hdcx4Trbj35k5Ic;
				ASSETCATALOG_COMPILER_APPICON_NAME = AppIcon;
				CODE_SIGN_IDENTITY = "iPhone Developer";
				CODE_SIGN_STYLE = Automatic;
				DEVELOPMENT_TEAM = 5S8HRB386G;
				ENABLE_BITCODE = NO;
				INFOPLIST_FILE = GiphyGIF/App/Resources/Info.plist;
				IPHONEOS_DEPLOYMENT_TARGET = 16.0;
				LD_RUNPATH_SEARCH_PATHS = (
					"$(inherited)",
					"@executable_path/Frameworks",
				);
				LIBRARY_SEARCH_PATHS = (
					"$(inherited)",
					"$(PROJECT_DIR)/GiphyGIF",
				);
				MARKETING_VERSION = 1.0.0;
				PRODUCT_BUNDLE_IDENTIFIER = com.uwaisalqadri.GiphyGIF;
				SDKROOT = iphoneos;
				TARGETED_DEVICE_FAMILY = 1;
			};
			name = Debug;
		};
		DFC12D27C692917FAA34F852 /* Debug */ = {
			isa = XCBuildConfiguration;
			buildSettings = {
				CODE_SIGN_STYLE = Automatic;
				DEVELOPMENT_TEAM = 5S8HRB386G;
				INFOPLIST_FILE = GiphyWidget/Info.plist;
				IPHONEOS_DEPLOYMENT_TARGET = 16.0;
				LD_RUNPATH_SEARCH_PATHS = (
					"$(inherited)",
					"@executable_path/Frameworks",
					"@executable_path/../../Frameworks",
				);
				PRODUCT_BUNDLE_IDENTIFIER = com.uwaisalqadri.GiphyGIF.GiphyWidget;
				SDKROOT = iphoneos;
				TARGETED_DEVICE_FAMILY = "1,2";
			};
			name = Debug;
		};
/* End XCBuildConfiguration section */

/* Begin XCConfigurationList section */
		47943729BC46C9FDF814BBB9 /* Build configuration list for PBXNativeTarget "GiphyGIFTests" */ = {
			isa = XCConfigurationList;
			buildConfigurations = (
				CCEB6127BFFE5403CD6033D9 /* Debug */,
				ABBB4FEB5DEF6B52AE00B2B0 /* Release */,
			);
			defaultConfigurationIsVisible = 0;
			defaultConfigurationName = Debug;
		};
		92C5142442798E94D9C94F3B /* Build configuration list for PBXNativeTarget "GiphyGIF" */ = {
			isa = XCConfigurationList;
			buildConfigurations = (
				D1BB769053F5AC952DC992EF /* Debug */,
				5C7EBEA5FAE90D4DC3DBE20B /* Release */,
			);
			defaultConfigurationIsVisible = 0;
			defaultConfigurationName = Debug;
		};
		C0ACDC283A002F81B1708488 /* Build configuration list for PBXNativeTarget "GiphyWidget" */ = {
			isa = XCConfigurationList;
			buildConfigurations = (
				DFC12D27C692917FAA34F852 /* Debug */,
				7710A34ECED131E1E23BB414 /* Release */,
			);
			defaultConfigurationIsVisible = 0;
			defaultConfigurationName = Debug;
		};
		FDEF629712F3C794B5672A17 /* Build configuration list for PBXProject "GiphyGIF" */ = {
			isa = XCConfigurationList;
			buildConfigurations = (
				288F7A45517708999CDD3C26 /* Debug */,
				01E79DDF7A5FD8B4178BD913 /* Release */,
			);
			defaultConfigurationIsVisible = 0;
			defaultConfigurationName = Debug;
		};
/* End XCConfigurationList section */

/* Begin XCRemoteSwiftPackageReference section */
		991DC321A49A86A39FFB406C /* XCRemoteSwiftPackageReference "lottie-spm" */ = {
			isa = XCRemoteSwiftPackageReference;
			repositoryURL = "https://github.com/airbnb/lottie-spm";
			requirement = {
				kind = exactVersion;
				version = 4.3.0;
			};
		};
		CA03A7DD9B176F5A4DB4594A /* XCRemoteSwiftPackageReference "Swinject" */ = {
			isa = XCRemoteSwiftPackageReference;
			repositoryURL = "https://github.com/Swinject/Swinject";
			requirement = {
				kind = exactVersion;
				version = 2.8.0;
			};
		};
		ECF4CEADAB4DA0B08B9558D3 /* XCRemoteSwiftPackageReference "SDWebImageSwiftUI" */ = {
			isa = XCRemoteSwiftPackageReference;
			repositoryURL = "https://github.com/SDWebImage/SDWebImageSwiftUI";
			requirement = {
				kind = exactVersion;
				version = 2.0.0;
			};
		};
/* End XCRemoteSwiftPackageReference section */

/* Begin XCSwiftPackageProductDependency section */
		0A5BE6E9E67C67BD24D2CC13 /* Lottie */ = {
			isa = XCSwiftPackageProductDependency;
			package = 991DC321A49A86A39FFB406C /* XCRemoteSwiftPackageReference "lottie-spm" */;
			productName = Lottie;
		};
		1E6C593D3D3D6B8F1300447C /* Giphy */ = {
			isa = XCSwiftPackageProductDependency;
			productName = Giphy;
		};
		486C25930E87D0D95EBE9360 /* Lottie */ = {
			isa = XCSwiftPackageProductDependency;
			package = 991DC321A49A86A39FFB406C /* XCRemoteSwiftPackageReference "lottie-spm" */;
			productName = Lottie;
		};
		4A9D6DC77ACB35C3FBFD5891 /* Common */ = {
			isa = XCSwiftPackageProductDependency;
			productName = Common;
		};
		6AE95703D73F7704F5A0982D /* Swinject */ = {
			isa = XCSwiftPackageProductDependency;
			package = CA03A7DD9B176F5A4DB4594A /* XCRemoteSwiftPackageReference "Swinject" */;
			productName = Swinject;
		};
		B1094643B2543D5662828B87 /* Giphy */ = {
			isa = XCSwiftPackageProductDependency;
			productName = Giphy;
		};
		BD6DA8AA6742A0D2546EED55 /* Swinject */ = {
			isa = XCSwiftPackageProductDependency;
			package = CA03A7DD9B176F5A4DB4594A /* XCRemoteSwiftPackageReference "Swinject" */;
			productName = Swinject;
		};
		DF49503E38FE86BE9A7FF090 /* SDWebImageSwiftUI */ = {
			isa = XCSwiftPackageProductDependency;
			package = ECF4CEADAB4DA0B08B9558D3 /* XCRemoteSwiftPackageReference "SDWebImageSwiftUI" */;
			productName = SDWebImageSwiftUI;
		};
		E3BE968928EE820FA260C2EA /* Common */ = {
			isa = XCSwiftPackageProductDependency;
			productName = Common;
		};
		FB888D0C3243B972C1D1762A /* SDWebImageSwiftUI */ = {
			isa = XCSwiftPackageProductDependency;
			package = ECF4CEADAB4DA0B08B9558D3 /* XCRemoteSwiftPackageReference "SDWebImageSwiftUI" */;
			productName = SDWebImageSwiftUI;
		};
/* End XCSwiftPackageProductDependency section */
	};
	rootObject = 7CE1D587CAD236B8DA3380A3 /* Project object */;
}
