// !$*UTF8*$!
{
	archiveVersion = 1;
	classes = {
	};
	objectVersion = 52;
	objects = {

/* Begin PBXBuildFile section */
		520F6295265E00C500C10B13 /* FavoriteView.swift in Sources */ = {isa = PBXBuildFile; fileRef = 520F6294265E00C500C10B13 /* FavoriteView.swift */; };
		5215A29D265C719D00F674F1 /* SearchRow.swift in Sources */ = {isa = PBXBuildFile; fileRef = 5215A29C265C719D00F674F1 /* SearchRow.swift */; };
		5215A2A5265CA89D00F674F1 /* Blur.swift in Sources */ = {isa = PBXBuildFile; fileRef = 5215A2A4265CA89D00F674F1 /* Blur.swift */; };
		52243558266CFE080078E6F5 /* Lottie in Frameworks */ = {isa = PBXBuildFile; productRef = 52243557266CFE080078E6F5 /* Lottie */; };
		5224355B266CFE160078E6F5 /* LottieView.swift in Sources */ = {isa = PBXBuildFile; fileRef = 5224355A266CFE160078E6F5 /* LottieView.swift */; };
		5224358B266D29220078E6F5 /* GiphyRemoteTestCase.swift in Sources */ = {isa = PBXBuildFile; fileRef = 5224358A266D29220078E6F5 /* GiphyRemoteTestCase.swift */; };
		5227688A265A02D500E7454C /* GiphyGIFApp.swift in Sources */ = {isa = PBXBuildFile; fileRef = 52276889265A02D500E7454C /* GiphyGIFApp.swift */; };
		5227688C265A02D500E7454C /* ContentView.swift in Sources */ = {isa = PBXBuildFile; fileRef = 5227688B265A02D500E7454C /* ContentView.swift */; };
		5231E3192665B6DF00147EE6 /* Injection.swift in Sources */ = {isa = PBXBuildFile; fileRef = 5231E3152665B6DF00147EE6 /* Injection.swift */; };
		523AFC34265BDB3F00C052A5 /* HomeRow.swift in Sources */ = {isa = PBXBuildFile; fileRef = 523AFC33265BDB3F00C052A5 /* HomeRow.swift */; };
		52E2BAF4265CF28B00E2F670 /* SDWebImageSwiftUI in Frameworks */ = {isa = PBXBuildFile; productRef = 52E2BAF3265CF28B00E2F670 /* SDWebImageSwiftUI */; };
		52E93D032661F20B00DBFDDD /* AboutView.swift in Sources */ = {isa = PBXBuildFile; fileRef = 52E93D022661F20B00DBFDDD /* AboutView.swift */; };
		52E93D0C2661F27A00DBFDDD /* SocialMediaRow.swift in Sources */ = {isa = PBXBuildFile; fileRef = 52E93D0B2661F27A00DBFDDD /* SocialMediaRow.swift */; };
		52E93D112661F9E700DBFDDD /* WebView.swift in Sources */ = {isa = PBXBuildFile; fileRef = 52E93D102661F9E700DBFDDD /* WebView.swift */; };
		52ECB3BB265B19600075082C /* DetailView.swift in Sources */ = {isa = PBXBuildFile; fileRef = 52ECB3BA265B19600075082C /* DetailView.swift */; };
		52ECB3BF265B19710075082C /* HomeView.swift in Sources */ = {isa = PBXBuildFile; fileRef = 52ECB3BE265B19710075082C /* HomeView.swift */; };
		52ECB3C4265B34000075082C /* SearchView.swift in Sources */ = {isa = PBXBuildFile; fileRef = 52ECB3C3265B34000075082C /* SearchView.swift */; };
		52ECB3D7265B6CA00075082C /* ActivityIndicator.swift in Sources */ = {isa = PBXBuildFile; fileRef = 52ECB3D6265B6CA00075082C /* ActivityIndicator.swift */; };
		911C106328A382A300EBB1C3 /* GiphyLocalTestCase.swift in Sources */ = {isa = PBXBuildFile; fileRef = 911C106228A382A300EBB1C3 /* GiphyLocalTestCase.swift */; };
		911D1CB628A2081E00B42313 /* DummyRemoteDataSource.swift in Sources */ = {isa = PBXBuildFile; fileRef = 911D1CB528A2081D00B42313 /* DummyRemoteDataSource.swift */; };
		916AECFB271BD67300C21275 /* Swinject in Frameworks */ = {isa = PBXBuildFile; productRef = 916AECFA271BD67300C21275 /* Swinject */; };
		91906760288448AF005DCDFE /* JSONLoader.swift in Sources */ = {isa = PBXBuildFile; fileRef = 9190675F288448AF005DCDFE /* JSONLoader.swift */; };
		91906762288449E3005DCDFE /* GiphyMockResponse.json in Resources */ = {isa = PBXBuildFile; fileRef = 91906761288449E3005DCDFE /* GiphyMockResponse.json */; };
		919F5658271C1C5D008758E3 /* Common in Frameworks */ = {isa = PBXBuildFile; productRef = 919F5657271C1C5D008758E3 /* Common */; };
		919F565A271C1C5D008758E3 /* Giphy in Frameworks */ = {isa = PBXBuildFile; productRef = 919F5659271C1C5D008758E3 /* Giphy */; };
		91C3B8512749FAFA0060C7AD /* Common in Frameworks */ = {isa = PBXBuildFile; productRef = 91C3B8502749FAFA0060C7AD /* Common */; };
		91C3B8532749FAFA0060C7AD /* Giphy in Frameworks */ = {isa = PBXBuildFile; productRef = 91C3B8522749FAFA0060C7AD /* Giphy */; };
		91C3B8572749FAFA0060C7AD /* SDWebImageSwiftUI in Frameworks */ = {isa = PBXBuildFile; productRef = 91C3B8562749FAFA0060C7AD /* SDWebImageSwiftUI */; };
		91C3B8592749FAFA0060C7AD /* Lottie in Frameworks */ = {isa = PBXBuildFile; productRef = 91C3B8582749FAFA0060C7AD /* Lottie */; };
		91C3B85B2749FAFA0060C7AD /* Swinject in Frameworks */ = {isa = PBXBuildFile; productRef = 91C3B85A2749FAFA0060C7AD /* Swinject */; };
		91C3B8622749FB910060C7AD /* WidgetInjection.swift in Sources */ = {isa = PBXBuildFile; fileRef = 91C3B8612749FB910060C7AD /* WidgetInjection.swift */; };
		91C3B863274A01FC0060C7AD /* WidgetInjection.swift in Sources */ = {isa = PBXBuildFile; fileRef = 91C3B8612749FB910060C7AD /* WidgetInjection.swift */; };
		91C3B866274A16970060C7AD /* GiphyWidgetItem.swift in Sources */ = {isa = PBXBuildFile; fileRef = 91C3B865274A16970060C7AD /* GiphyWidgetItem.swift */; };
		91C3B867274A170A0060C7AD /* GiphyWidgetItem.swift in Sources */ = {isa = PBXBuildFile; fileRef = 91C3B865274A16970060C7AD /* GiphyWidgetItem.swift */; };
		91D429172732DF1B004D7305 /* TestInjection.swift in Sources */ = {isa = PBXBuildFile; fileRef = 91D429162732DF1B004D7305 /* TestInjection.swift */; };
		91D429192732DF31004D7305 /* NetworkError.swift in Sources */ = {isa = PBXBuildFile; fileRef = 91D429182732DF31004D7305 /* NetworkError.swift */; };
		91D4291B2732E25C004D7305 /* AnyPublisher+Wait.swift in Sources */ = {isa = PBXBuildFile; fileRef = 91D4291A2732E25C004D7305 /* AnyPublisher+Wait.swift */; };
		91D429222732E8DA004D7305 /* WidgetKit.framework in Frameworks */ = {isa = PBXBuildFile; fileRef = 91D429212732E8DA004D7305 /* WidgetKit.framework */; };
		91D429242732E8DA004D7305 /* SwiftUI.framework in Frameworks */ = {isa = PBXBuildFile; fileRef = 91D429232732E8DA004D7305 /* SwiftUI.framework */; };
		91D429272732E8DA004D7305 /* GiphyWidget.swift in Sources */ = {isa = PBXBuildFile; fileRef = 91D429262732E8DA004D7305 /* GiphyWidget.swift */; };
		91D4292A2732E8DE004D7305 /* Assets.xcassets in Resources */ = {isa = PBXBuildFile; fileRef = 91D429292732E8DE004D7305 /* Assets.xcassets */; };
		91D4292C2732E8DE004D7305 /* GiphyWidget.intentdefinition in Sources */ = {isa = PBXBuildFile; fileRef = 91D429282732E8DA004D7305 /* GiphyWidget.intentdefinition */; };
		91D4292D2732E8DE004D7305 /* GiphyWidget.intentdefinition in Sources */ = {isa = PBXBuildFile; fileRef = 91D429282732E8DA004D7305 /* GiphyWidget.intentdefinition */; };
		91D429302732E8DE004D7305 /* GiphyWidgetExtension.appex in Embed App Extensions */ = {isa = PBXBuildFile; fileRef = 91D429202732E8DA004D7305 /* GiphyWidgetExtension.appex */; settings = {ATTRIBUTES = (RemoveHeadersOnCopy, ); }; };
		91F9B062271FCCD500A9AEA7 /* AppIcon.xcassets in Resources */ = {isa = PBXBuildFile; fileRef = 91F9B061271FCCD500A9AEA7 /* AppIcon.xcassets */; };
		91F9B065271FE85300A9AEA7 /* FavoriteRouter.swift in Sources */ = {isa = PBXBuildFile; fileRef = 91F9B064271FE85300A9AEA7 /* FavoriteRouter.swift */; };
		91F9B068271FE8CB00A9AEA7 /* DetailRouter.swift in Sources */ = {isa = PBXBuildFile; fileRef = 91F9B067271FE8CB00A9AEA7 /* DetailRouter.swift */; };
		CEBC066D2A1CF21F00CA22B1 /* SearchRouter.swift in Sources */ = {isa = PBXBuildFile; fileRef = CEBC066C2A1CF21F00CA22B1 /* SearchRouter.swift */; };
		CEBC06702A1CF2C200CA22B1 /* HomeRouter.swift in Sources */ = {isa = PBXBuildFile; fileRef = CEBC066F2A1CF2C200CA22B1 /* HomeRouter.swift */; };
		CED7E5F32A1BAE5D004F031D /* AppDelegate.swift in Sources */ = {isa = PBXBuildFile; fileRef = CED7E5F22A1BAE5D004F031D /* AppDelegate.swift */; };
		CED7E62F2A1BB317004F031D /* LaunchScreen.storyboard in Resources */ = {isa = PBXBuildFile; fileRef = CED7E62E2A1BB317004F031D /* LaunchScreen.storyboard */; };
/* End PBXBuildFile section */

/* Begin PBXContainerItemProxy section */
		5224358D266D29220078E6F5 /* PBXContainerItemProxy */ = {
			isa = PBXContainerItemProxy;
			containerPortal = 5227687E265A02D500E7454C /* Project object */;
			proxyType = 1;
			remoteGlobalIDString = 52276885265A02D500E7454C;
			remoteInfo = GiphyGIF;
		};
		91D4292E2732E8DE004D7305 /* PBXContainerItemProxy */ = {
			isa = PBXContainerItemProxy;
			containerPortal = 5227687E265A02D500E7454C /* Project object */;
			proxyType = 1;
			remoteGlobalIDString = 91D4291F2732E8DA004D7305;
			remoteInfo = GiphyWidgetExtension;
		};
/* End PBXContainerItemProxy section */

/* Begin PBXCopyFilesBuildPhase section */
		91D429342732E8DE004D7305 /* Embed App Extensions */ = {
			isa = PBXCopyFilesBuildPhase;
			buildActionMask = 2147483647;
			dstPath = "";
			dstSubfolderSpec = 13;
			files = (
				91D429302732E8DE004D7305 /* GiphyWidgetExtension.appex in Embed App Extensions */,
			);
			name = "Embed App Extensions";
			runOnlyForDeploymentPostprocessing = 0;
		};
/* End PBXCopyFilesBuildPhase section */

/* Begin PBXFileReference section */
		520F6294265E00C500C10B13 /* FavoriteView.swift */ = {isa = PBXFileReference; lastKnownFileType = sourcecode.swift; path = FavoriteView.swift; sourceTree = "<group>"; };
		5215A29C265C719D00F674F1 /* SearchRow.swift */ = {isa = PBXFileReference; lastKnownFileType = sourcecode.swift; path = SearchRow.swift; sourceTree = "<group>"; };
		5215A2A4265CA89D00F674F1 /* Blur.swift */ = {isa = PBXFileReference; lastKnownFileType = sourcecode.swift; path = Blur.swift; sourceTree = "<group>"; };
		5224355A266CFE160078E6F5 /* LottieView.swift */ = {isa = PBXFileReference; lastKnownFileType = sourcecode.swift; path = LottieView.swift; sourceTree = "<group>"; };
		52243588266D29220078E6F5 /* GiphyGIFTests.xctest */ = {isa = PBXFileReference; explicitFileType = wrapper.cfbundle; includeInIndex = 0; path = GiphyGIFTests.xctest; sourceTree = BUILT_PRODUCTS_DIR; };
		5224358A266D29220078E6F5 /* GiphyRemoteTestCase.swift */ = {isa = PBXFileReference; lastKnownFileType = sourcecode.swift; path = GiphyRemoteTestCase.swift; sourceTree = "<group>"; };
		5224358C266D29220078E6F5 /* Info.plist */ = {isa = PBXFileReference; lastKnownFileType = text.plist.xml; path = Info.plist; sourceTree = "<group>"; };
		52276886265A02D500E7454C /* GiphyGIF.app */ = {isa = PBXFileReference; explicitFileType = wrapper.application; includeInIndex = 0; path = GiphyGIF.app; sourceTree = BUILT_PRODUCTS_DIR; };
		52276889265A02D500E7454C /* GiphyGIFApp.swift */ = {isa = PBXFileReference; lastKnownFileType = sourcecode.swift; path = GiphyGIFApp.swift; sourceTree = "<group>"; };
		5227688B265A02D500E7454C /* ContentView.swift */ = {isa = PBXFileReference; lastKnownFileType = sourcecode.swift; path = ContentView.swift; sourceTree = "<group>"; };
		52276890265A02D700E7454C /* Preview Assets.xcassets */ = {isa = PBXFileReference; lastKnownFileType = folder.assetcatalog; path = "Preview Assets.xcassets"; sourceTree = "<group>"; };
		52276892265A02D700E7454C /* Info.plist */ = {isa = PBXFileReference; lastKnownFileType = text.plist.xml; path = Info.plist; sourceTree = "<group>"; };
		5231E3152665B6DF00147EE6 /* Injection.swift */ = {isa = PBXFileReference; fileEncoding = 4; lastKnownFileType = sourcecode.swift; path = Injection.swift; sourceTree = "<group>"; };
		523AFC33265BDB3F00C052A5 /* HomeRow.swift */ = {isa = PBXFileReference; lastKnownFileType = sourcecode.swift; path = HomeRow.swift; sourceTree = "<group>"; };
		52E93D022661F20B00DBFDDD /* AboutView.swift */ = {isa = PBXFileReference; lastKnownFileType = sourcecode.swift; path = AboutView.swift; sourceTree = "<group>"; };
		52E93D0B2661F27A00DBFDDD /* SocialMediaRow.swift */ = {isa = PBXFileReference; lastKnownFileType = sourcecode.swift; path = SocialMediaRow.swift; sourceTree = "<group>"; };
		52E93D102661F9E700DBFDDD /* WebView.swift */ = {isa = PBXFileReference; lastKnownFileType = sourcecode.swift; path = WebView.swift; sourceTree = "<group>"; };
		52ECB3BA265B19600075082C /* DetailView.swift */ = {isa = PBXFileReference; lastKnownFileType = sourcecode.swift; path = DetailView.swift; sourceTree = "<group>"; };
		52ECB3BE265B19710075082C /* HomeView.swift */ = {isa = PBXFileReference; lastKnownFileType = sourcecode.swift; path = HomeView.swift; sourceTree = "<group>"; };
		52ECB3C3265B34000075082C /* SearchView.swift */ = {isa = PBXFileReference; lastKnownFileType = sourcecode.swift; path = SearchView.swift; sourceTree = "<group>"; };
		52ECB3D6265B6CA00075082C /* ActivityIndicator.swift */ = {isa = PBXFileReference; lastKnownFileType = sourcecode.swift; path = ActivityIndicator.swift; sourceTree = "<group>"; };
		911C106228A382A300EBB1C3 /* GiphyLocalTestCase.swift */ = {isa = PBXFileReference; lastKnownFileType = sourcecode.swift; path = GiphyLocalTestCase.swift; sourceTree = "<group>"; };
		911D1CB528A2081D00B42313 /* DummyRemoteDataSource.swift */ = {isa = PBXFileReference; lastKnownFileType = sourcecode.swift; path = DummyRemoteDataSource.swift; sourceTree = "<group>"; };
		9190675F288448AF005DCDFE /* JSONLoader.swift */ = {isa = PBXFileReference; lastKnownFileType = sourcecode.swift; path = JSONLoader.swift; sourceTree = "<group>"; };
		91906761288449E3005DCDFE /* GiphyMockResponse.json */ = {isa = PBXFileReference; lastKnownFileType = text.json; path = GiphyMockResponse.json; sourceTree = "<group>"; };
		919F5649271BFD4E008758E3 /* Giphy */ = {isa = PBXFileReference; lastKnownFileType = folder; name = Giphy; path = Modules/Giphy/Giphy; sourceTree = "<group>"; };
		919F564A271BFD55008758E3 /* Common */ = {isa = PBXFileReference; lastKnownFileType = folder; name = Common; path = Modules/Common/Common; sourceTree = "<group>"; };
		91C3B82C274952990060C7AD /* .swiftlint.yml */ = {isa = PBXFileReference; lastKnownFileType = text.yaml; path = .swiftlint.yml; sourceTree = "<group>"; };
		91C3B8612749FB910060C7AD /* WidgetInjection.swift */ = {isa = PBXFileReference; lastKnownFileType = sourcecode.swift; path = WidgetInjection.swift; sourceTree = "<group>"; };
		91C3B865274A16970060C7AD /* GiphyWidgetItem.swift */ = {isa = PBXFileReference; lastKnownFileType = sourcecode.swift; path = GiphyWidgetItem.swift; sourceTree = "<group>"; };
		91D429162732DF1B004D7305 /* TestInjection.swift */ = {isa = PBXFileReference; lastKnownFileType = sourcecode.swift; path = TestInjection.swift; sourceTree = "<group>"; };
		91D429182732DF31004D7305 /* NetworkError.swift */ = {isa = PBXFileReference; lastKnownFileType = sourcecode.swift; path = NetworkError.swift; sourceTree = "<group>"; };
		91D4291A2732E25C004D7305 /* AnyPublisher+Wait.swift */ = {isa = PBXFileReference; lastKnownFileType = sourcecode.swift; path = "AnyPublisher+Wait.swift"; sourceTree = "<group>"; };
		91D429202732E8DA004D7305 /* GiphyWidgetExtension.appex */ = {isa = PBXFileReference; explicitFileType = "wrapper.app-extension"; includeInIndex = 0; path = GiphyWidgetExtension.appex; sourceTree = BUILT_PRODUCTS_DIR; };
		91D429212732E8DA004D7305 /* WidgetKit.framework */ = {isa = PBXFileReference; lastKnownFileType = wrapper.framework; name = WidgetKit.framework; path = System/Library/Frameworks/WidgetKit.framework; sourceTree = SDKROOT; };
		91D429232732E8DA004D7305 /* SwiftUI.framework */ = {isa = PBXFileReference; lastKnownFileType = wrapper.framework; name = SwiftUI.framework; path = System/Library/Frameworks/SwiftUI.framework; sourceTree = SDKROOT; };
		91D429262732E8DA004D7305 /* GiphyWidget.swift */ = {isa = PBXFileReference; lastKnownFileType = sourcecode.swift; path = GiphyWidget.swift; sourceTree = "<group>"; };
		91D429282732E8DA004D7305 /* GiphyWidget.intentdefinition */ = {isa = PBXFileReference; lastKnownFileType = file.intentdefinition; path = GiphyWidget.intentdefinition; sourceTree = "<group>"; };
		91D429292732E8DE004D7305 /* Assets.xcassets */ = {isa = PBXFileReference; lastKnownFileType = folder.assetcatalog; path = Assets.xcassets; sourceTree = "<group>"; };
		91D4292B2732E8DE004D7305 /* Info.plist */ = {isa = PBXFileReference; lastKnownFileType = text.plist.xml; path = Info.plist; sourceTree = "<group>"; };
		91F9B061271FCCD500A9AEA7 /* AppIcon.xcassets */ = {isa = PBXFileReference; lastKnownFileType = folder.assetcatalog; path = AppIcon.xcassets; sourceTree = "<group>"; };
		91F9B064271FE85300A9AEA7 /* FavoriteRouter.swift */ = {isa = PBXFileReference; lastKnownFileType = sourcecode.swift; path = FavoriteRouter.swift; sourceTree = "<group>"; };
		91F9B067271FE8CB00A9AEA7 /* DetailRouter.swift */ = {isa = PBXFileReference; lastKnownFileType = sourcecode.swift; path = DetailRouter.swift; sourceTree = "<group>"; };
		CEBC066C2A1CF21F00CA22B1 /* SearchRouter.swift */ = {isa = PBXFileReference; lastKnownFileType = sourcecode.swift; path = SearchRouter.swift; sourceTree = "<group>"; };
		CEBC066F2A1CF2C200CA22B1 /* HomeRouter.swift */ = {isa = PBXFileReference; lastKnownFileType = sourcecode.swift; path = HomeRouter.swift; sourceTree = "<group>"; };
		CED7E5F22A1BAE5D004F031D /* AppDelegate.swift */ = {isa = PBXFileReference; lastKnownFileType = sourcecode.swift; path = AppDelegate.swift; sourceTree = "<group>"; };
		CED7E62E2A1BB317004F031D /* LaunchScreen.storyboard */ = {isa = PBXFileReference; lastKnownFileType = file.storyboard; path = LaunchScreen.storyboard; sourceTree = "<group>"; };
/* End PBXFileReference section */

/* Begin PBXFrameworksBuildPhase section */
		52243585266D29220078E6F5 /* Frameworks */ = {
			isa = PBXFrameworksBuildPhase;
			buildActionMask = 2147483647;
			files = (
			);
			runOnlyForDeploymentPostprocessing = 0;
		};
		52276883265A02D500E7454C /* Frameworks */ = {
			isa = PBXFrameworksBuildPhase;
			buildActionMask = 2147483647;
			files = (
				52E2BAF4265CF28B00E2F670 /* SDWebImageSwiftUI in Frameworks */,
				52243558266CFE080078E6F5 /* Lottie in Frameworks */,
				916AECFB271BD67300C21275 /* Swinject in Frameworks */,
				919F565A271C1C5D008758E3 /* Giphy in Frameworks */,
				919F5658271C1C5D008758E3 /* Common in Frameworks */,
			);
			runOnlyForDeploymentPostprocessing = 0;
		};
		91D4291D2732E8DA004D7305 /* Frameworks */ = {
			isa = PBXFrameworksBuildPhase;
			buildActionMask = 2147483647;
			files = (
				91C3B8572749FAFA0060C7AD /* SDWebImageSwiftUI in Frameworks */,
				91C3B8592749FAFA0060C7AD /* Lottie in Frameworks */,
				91D429242732E8DA004D7305 /* SwiftUI.framework in Frameworks */,
				91D429222732E8DA004D7305 /* WidgetKit.framework in Frameworks */,
				91C3B8532749FAFA0060C7AD /* Giphy in Frameworks */,
				91C3B8512749FAFA0060C7AD /* Common in Frameworks */,
				91C3B85B2749FAFA0060C7AD /* Swinject in Frameworks */,
			);
			runOnlyForDeploymentPostprocessing = 0;
		};
/* End PBXFrameworksBuildPhase section */

/* Begin PBXGroup section */
		520F628C265DFFEC00C10B13 /* Favorite */ = {
			isa = PBXGroup;
			children = (
				91F9B063271FE82900A9AEA7 /* Router */,
				520F628E265DFFFB00C10B13 /* Views */,
			);
			path = Favorite;
			sourceTree = "<group>";
		};
		520F628E265DFFFB00C10B13 /* Views */ = {
			isa = PBXGroup;
			children = (
				520F6294265E00C500C10B13 /* FavoriteView.swift */,
			);
			path = Views;
			sourceTree = "<group>";
		};
		52243589266D29220078E6F5 /* GiphyGIFTests */ = {
			isa = PBXGroup;
			children = (
				911D1CB428A203F800B42313 /* Dependency */,
				9190675D28844882005DCDFE /* TestCase */,
				9190675E28844888005DCDFE /* Data */,
				9190675C2884487C005DCDFE /* Helper */,
				5224358C266D29220078E6F5 /* Info.plist */,
			);
			path = GiphyGIFTests;
			sourceTree = "<group>";
		};
		5227687D265A02D500E7454C = {
			isa = PBXGroup;
			children = (
				91C3B82C274952990060C7AD /* .swiftlint.yml */,
				919F564A271BFD55008758E3 /* Common */,
				919F5649271BFD4E008758E3 /* Giphy */,
				52276888265A02D500E7454C /* GiphyGIF */,
				52243589266D29220078E6F5 /* GiphyGIFTests */,
				91D429252732E8DA004D7305 /* GiphyWidget */,
				5231E3102665B48600147EE6 /* Frameworks */,
				52276887265A02D500E7454C /* Products */,
			);
			sourceTree = "<group>";
		};
		52276887265A02D500E7454C /* Products */ = {
			isa = PBXGroup;
			children = (
				52276886265A02D500E7454C /* GiphyGIF.app */,
				52243588266D29220078E6F5 /* GiphyGIFTests.xctest */,
				91D429202732E8DA004D7305 /* GiphyWidgetExtension.appex */,
			);
			name = Products;
			sourceTree = "<group>";
		};
		52276888265A02D500E7454C /* GiphyGIF */ = {
			isa = PBXGroup;
			children = (
				5231E3142665B6DF00147EE6 /* Dependency */,
				52276899265A02E200E7454C /* App */,
				5227689C265A02FE00E7454C /* Module */,
				5227688F265A02D700E7454C /* Preview Content */,
			);
			path = GiphyGIF;
			sourceTree = "<group>";
		};
		5227688F265A02D700E7454C /* Preview Content */ = {
			isa = PBXGroup;
			children = (
				52276890265A02D700E7454C /* Preview Assets.xcassets */,
			);
			path = "Preview Content";
			sourceTree = "<group>";
		};
		52276899265A02E200E7454C /* App */ = {
			isa = PBXGroup;
			children = (
				CED7E5F22A1BAE5D004F031D /* AppDelegate.swift */,
				5227688B265A02D500E7454C /* ContentView.swift */,
				52276889265A02D500E7454C /* GiphyGIFApp.swift */,
				522768A4265A040400E7454C /* Resources */,
				522768A5265A041700E7454C /* Utils */,
				CED7E62E2A1BB317004F031D /* LaunchScreen.storyboard */,
			);
			path = App;
			sourceTree = "<group>";
		};
		5227689C265A02FE00E7454C /* Module */ = {
			isa = PBXGroup;
			children = (
				52E93CF82661DDF600DBFDDD /* About */,
				520F628C265DFFEC00C10B13 /* Favorite */,
				5227689F265A035700E7454C /* Search */,
				5227689E265A034100E7454C /* Detail */,
				5227689D265A033C00E7454C /* Home */,
			);
			path = Module;
			sourceTree = "<group>";
		};
		5227689D265A033C00E7454C /* Home */ = {
			isa = PBXGroup;
			children = (
				CEBC066E2A1CF2B500CA22B1 /* Router */,
				522768DF265A46C000E7454C /* Views */,
			);
			path = Home;
			sourceTree = "<group>";
		};
		5227689E265A034100E7454C /* Detail */ = {
			isa = PBXGroup;
			children = (
				91F9B066271FE8B600A9AEA7 /* Router */,
				522768E9265A46F600E7454C /* Views */,
			);
			path = Detail;
			sourceTree = "<group>";
		};
		5227689F265A035700E7454C /* Search */ = {
			isa = PBXGroup;
			children = (
				CEBC066B2A1CF20F00CA22B1 /* Router */,
				522768EC265A470B00E7454C /* Views */,
			);
			path = Search;
			sourceTree = "<group>";
		};
		522768A4265A040400E7454C /* Resources */ = {
			isa = PBXGroup;
			children = (
				52276892265A02D700E7454C /* Info.plist */,
				91F9B061271FCCD500A9AEA7 /* AppIcon.xcassets */,
			);
			path = Resources;
			sourceTree = "<group>";
		};
		522768A5265A041700E7454C /* Utils */ = {
			isa = PBXGroup;
			children = (
				5215A2A4265CA89D00F674F1 /* Blur.swift */,
				52ECB3D6265B6CA00075082C /* ActivityIndicator.swift */,
				52E93D102661F9E700DBFDDD /* WebView.swift */,
				5224355A266CFE160078E6F5 /* LottieView.swift */,
			);
			path = Utils;
			sourceTree = "<group>";
		};
		522768DF265A46C000E7454C /* Views */ = {
			isa = PBXGroup;
			children = (
				52ECB3BE265B19710075082C /* HomeView.swift */,
				523AFC33265BDB3F00C052A5 /* HomeRow.swift */,
			);
			path = Views;
			sourceTree = "<group>";
		};
		522768E9265A46F600E7454C /* Views */ = {
			isa = PBXGroup;
			children = (
				52ECB3BA265B19600075082C /* DetailView.swift */,
			);
			path = Views;
			sourceTree = "<group>";
		};
		522768EC265A470B00E7454C /* Views */ = {
			isa = PBXGroup;
			children = (
				52ECB3C3265B34000075082C /* SearchView.swift */,
				5215A29C265C719D00F674F1 /* SearchRow.swift */,
			);
			path = Views;
			sourceTree = "<group>";
		};
		5231E3102665B48600147EE6 /* Frameworks */ = {
			isa = PBXGroup;
			children = (
				91D429212732E8DA004D7305 /* WidgetKit.framework */,
				91D429232732E8DA004D7305 /* SwiftUI.framework */,
			);
			name = Frameworks;
			sourceTree = "<group>";
		};
		5231E3142665B6DF00147EE6 /* Dependency */ = {
			isa = PBXGroup;
			children = (
				5231E3152665B6DF00147EE6 /* Injection.swift */,
			);
			path = Dependency;
			sourceTree = "<group>";
		};
		52E93CF82661DDF600DBFDDD /* About */ = {
			isa = PBXGroup;
			children = (
				52E93CFD2661DE1600DBFDDD /* Views */,
			);
			path = About;
			sourceTree = "<group>";
		};
		52E93CFD2661DE1600DBFDDD /* Views */ = {
			isa = PBXGroup;
			children = (
				52E93D022661F20B00DBFDDD /* AboutView.swift */,
				52E93D0B2661F27A00DBFDDD /* SocialMediaRow.swift */,
			);
			path = Views;
			sourceTree = "<group>";
		};
		911D1CB428A203F800B42313 /* Dependency */ = {
			isa = PBXGroup;
			children = (
				91D429162732DF1B004D7305 /* TestInjection.swift */,
			);
			path = Dependency;
			sourceTree = "<group>";
		};
		911D1CB728A2097F00B42313 /* Remote */ = {
			isa = PBXGroup;
			children = (
				911D1CB528A2081D00B42313 /* DummyRemoteDataSource.swift */,
				5224358A266D29220078E6F5 /* GiphyRemoteTestCase.swift */,
			);
			path = Remote;
			sourceTree = "<group>";
		};
		911D1CB828A2098800B42313 /* Local */ = {
			isa = PBXGroup;
			children = (
				911C106228A382A300EBB1C3 /* GiphyLocalTestCase.swift */,
			);
			path = Local;
			sourceTree = "<group>";
		};
		9190675C2884487C005DCDFE /* Helper */ = {
			isa = PBXGroup;
			children = (
				91D4291A2732E25C004D7305 /* AnyPublisher+Wait.swift */,
				9190675F288448AF005DCDFE /* JSONLoader.swift */,
				91D429182732DF31004D7305 /* NetworkError.swift */,
			);
			path = Helper;
			sourceTree = "<group>";
		};
		9190675D28844882005DCDFE /* TestCase */ = {
			isa = PBXGroup;
			children = (
				911D1CB828A2098800B42313 /* Local */,
				911D1CB728A2097F00B42313 /* Remote */,
			);
			path = TestCase;
			sourceTree = "<group>";
		};
		9190675E28844888005DCDFE /* Data */ = {
			isa = PBXGroup;
			children = (
				91906761288449E3005DCDFE /* GiphyMockResponse.json */,
			);
			path = Data;
			sourceTree = "<group>";
		};
		91C3B85E2749FB460060C7AD /* Widgets */ = {
			isa = PBXGroup;
			children = (
				91C3B8602749FB770060C7AD /* Favorite */,
			);
			path = Widgets;
			sourceTree = "<group>";
		};
		91C3B85F2749FB5F0060C7AD /* Dependency */ = {
			isa = PBXGroup;
			children = (
				91C3B8612749FB910060C7AD /* WidgetInjection.swift */,
			);
			path = Dependency;
			sourceTree = "<group>";
		};
		91C3B8602749FB770060C7AD /* Favorite */ = {
			isa = PBXGroup;
			children = (
				91D429262732E8DA004D7305 /* GiphyWidget.swift */,
				91C3B865274A16970060C7AD /* GiphyWidgetItem.swift */,
			);
			path = Favorite;
			sourceTree = "<group>";
		};
		91D429252732E8DA004D7305 /* GiphyWidget */ = {
			isa = PBXGroup;
			children = (
				91C3B85F2749FB5F0060C7AD /* Dependency */,
				91C3B85E2749FB460060C7AD /* Widgets */,
				91D429282732E8DA004D7305 /* GiphyWidget.intentdefinition */,
				91D429292732E8DE004D7305 /* Assets.xcassets */,
				91D4292B2732E8DE004D7305 /* Info.plist */,
			);
			path = GiphyWidget;
			sourceTree = "<group>";
		};
		91F9B063271FE82900A9AEA7 /* Router */ = {
			isa = PBXGroup;
			children = (
				91F9B064271FE85300A9AEA7 /* FavoriteRouter.swift */,
			);
			path = Router;
			sourceTree = "<group>";
		};
		91F9B066271FE8B600A9AEA7 /* Router */ = {
			isa = PBXGroup;
			children = (
				91F9B067271FE8CB00A9AEA7 /* DetailRouter.swift */,
			);
			path = Router;
			sourceTree = "<group>";
		};
		CEBC066B2A1CF20F00CA22B1 /* Router */ = {
			isa = PBXGroup;
			children = (
				CEBC066C2A1CF21F00CA22B1 /* SearchRouter.swift */,
			);
			path = Router;
			sourceTree = "<group>";
		};
		CEBC066E2A1CF2B500CA22B1 /* Router */ = {
			isa = PBXGroup;
			children = (
				CEBC066F2A1CF2C200CA22B1 /* HomeRouter.swift */,
			);
			path = Router;
			sourceTree = "<group>";
		};
/* End PBXGroup section */

/* Begin PBXNativeTarget section */
		52243587266D29220078E6F5 /* GiphyGIFTests */ = {
			isa = PBXNativeTarget;
			buildConfigurationList = 5224358F266D29220078E6F5 /* Build configuration list for PBXNativeTarget "GiphyGIFTests" */;
			buildPhases = (
				52243584266D29220078E6F5 /* Sources */,
				52243585266D29220078E6F5 /* Frameworks */,
				52243586266D29220078E6F5 /* Resources */,
			);
			buildRules = (
			);
			dependencies = (
				5224358E266D29220078E6F5 /* PBXTargetDependency */,
			);
			name = GiphyGIFTests;
			productName = GiphyGIFTests;
			productReference = 52243588266D29220078E6F5 /* GiphyGIFTests.xctest */;
			productType = "com.apple.product-type.bundle.unit-test";
		};
		52276885265A02D500E7454C /* GiphyGIF */ = {
			isa = PBXNativeTarget;
			buildConfigurationList = 52276895265A02D700E7454C /* Build configuration list for PBXNativeTarget "GiphyGIF" */;
			buildPhases = (
				52276882265A02D500E7454C /* Sources */,
				52276883265A02D500E7454C /* Frameworks */,
				52276884265A02D500E7454C /* Resources */,
				52AADD2626627AAD00B443DA /* ShellScript */,
				91D429342732E8DE004D7305 /* Embed App Extensions */,
			);
			buildRules = (
			);
			dependencies = (
				91D4292F2732E8DE004D7305 /* PBXTargetDependency */,
			);
			name = GiphyGIF;
			packageProductDependencies = (
				52E2BAF3265CF28B00E2F670 /* SDWebImageSwiftUI */,
				52243557266CFE080078E6F5 /* Lottie */,
				916AECFA271BD67300C21275 /* Swinject */,
				919F5657271C1C5D008758E3 /* Common */,
				919F5659271C1C5D008758E3 /* Giphy */,
			);
			productName = GiphyGIF;
			productReference = 52276886265A02D500E7454C /* GiphyGIF.app */;
			productType = "com.apple.product-type.application";
		};
		91D4291F2732E8DA004D7305 /* GiphyWidgetExtension */ = {
			isa = PBXNativeTarget;
			buildConfigurationList = 91D429312732E8DE004D7305 /* Build configuration list for PBXNativeTarget "GiphyWidgetExtension" */;
			buildPhases = (
				91D4291C2732E8DA004D7305 /* Sources */,
				91D4291D2732E8DA004D7305 /* Frameworks */,
				91D4291E2732E8DA004D7305 /* Resources */,
			);
			buildRules = (
			);
			dependencies = (
			);
			name = GiphyWidgetExtension;
			packageProductDependencies = (
				91C3B8502749FAFA0060C7AD /* Common */,
				91C3B8522749FAFA0060C7AD /* Giphy */,
				91C3B8562749FAFA0060C7AD /* SDWebImageSwiftUI */,
				91C3B8582749FAFA0060C7AD /* Lottie */,
				91C3B85A2749FAFA0060C7AD /* Swinject */,
			);
			productName = GiphyWidgetExtension;
			productReference = 91D429202732E8DA004D7305 /* GiphyWidgetExtension.appex */;
			productType = "com.apple.product-type.app-extension";
		};
/* End PBXNativeTarget section */

/* Begin PBXProject section */
		5227687E265A02D500E7454C /* Project object */ = {
			isa = PBXProject;
			attributes = {
				LastSwiftUpdateCheck = 1250;
				LastUpgradeCheck = 1250;
				TargetAttributes = {
					52243587266D29220078E6F5 = {
						CreatedOnToolsVersion = 12.4;
						TestTargetID = 52276885265A02D500E7454C;
					};
					52276885265A02D500E7454C = {
						CreatedOnToolsVersion = 12.4;
					};
					91D4291F2732E8DA004D7305 = {
						CreatedOnToolsVersion = 12.5.1;
					};
				};
			};
			buildConfigurationList = 52276881265A02D500E7454C /* Build configuration list for PBXProject "GiphyGIF" */;
			compatibilityVersion = "Xcode 9.3";
			developmentRegion = en;
			hasScannedForEncodings = 0;
			knownRegions = (
				en,
				Base,
				id,
			);
			mainGroup = 5227687D265A02D500E7454C;
			packageReferences = (
				52E2BAF2265CF28B00E2F670 /* XCRemoteSwiftPackageReference "SDWebImageSwiftUI" */,
				52243556266CFE080078E6F5 /* XCRemoteSwiftPackageReference "lottie-ios" */,
				916AECF9271BD67300C21275 /* XCRemoteSwiftPackageReference "Swinject" */,
			);
			productRefGroup = 52276887265A02D500E7454C /* Products */;
			projectDirPath = "";
			projectRoot = "";
			targets = (
				52276885265A02D500E7454C /* GiphyGIF */,
				52243587266D29220078E6F5 /* GiphyGIFTests */,
				91D4291F2732E8DA004D7305 /* GiphyWidgetExtension */,
			);
		};
/* End PBXProject section */

/* Begin PBXResourcesBuildPhase section */
		52243586266D29220078E6F5 /* Resources */ = {
			isa = PBXResourcesBuildPhase;
			buildActionMask = 2147483647;
			files = (
				91906762288449E3005DCDFE /* GiphyMockResponse.json in Resources */,
			);
			runOnlyForDeploymentPostprocessing = 0;
		};
		52276884265A02D500E7454C /* Resources */ = {
			isa = PBXResourcesBuildPhase;
			buildActionMask = 2147483647;
			files = (
				91F9B062271FCCD500A9AEA7 /* AppIcon.xcassets in Resources */,
				CED7E62F2A1BB317004F031D /* LaunchScreen.storyboard in Resources */,
			);
			runOnlyForDeploymentPostprocessing = 0;
		};
		91D4291E2732E8DA004D7305 /* Resources */ = {
			isa = PBXResourcesBuildPhase;
			buildActionMask = 2147483647;
			files = (
				91D4292A2732E8DE004D7305 /* Assets.xcassets in Resources */,
			);
			runOnlyForDeploymentPostprocessing = 0;
		};
/* End PBXResourcesBuildPhase section */

/* Begin PBXShellScriptBuildPhase section */
		52AADD2626627AAD00B443DA /* ShellScript */ = {
			isa = PBXShellScriptBuildPhase;
			buildActionMask = 2147483647;
			files = (
			);
			inputFileListPaths = (
			);
			inputPaths = (
			);
			outputFileListPaths = (
			);
			outputPaths = (
			);
			runOnlyForDeploymentPostprocessing = 0;
			shellPath = /bin/sh;
			shellScript = "# Type a script or drag a script file from your workspace to insert its path.\nif which swiftlint >/dev/null; then\n  swiftlint\nelse\n  echo \"warning: SwiftLint not installed, download from https://github.com/realm/SwiftLint\"\nfi\n";
		};
/* End PBXShellScriptBuildPhase section */

/* Begin PBXSourcesBuildPhase section */
		52243584266D29220078E6F5 /* Sources */ = {
			isa = PBXSourcesBuildPhase;
			buildActionMask = 2147483647;
			files = (
				91906760288448AF005DCDFE /* JSONLoader.swift in Sources */,
				91D429172732DF1B004D7305 /* TestInjection.swift in Sources */,
				91D4291B2732E25C004D7305 /* AnyPublisher+Wait.swift in Sources */,
				91D429192732DF31004D7305 /* NetworkError.swift in Sources */,
				911D1CB628A2081E00B42313 /* DummyRemoteDataSource.swift in Sources */,
				911C106328A382A300EBB1C3 /* GiphyLocalTestCase.swift in Sources */,
				5224358B266D29220078E6F5 /* GiphyRemoteTestCase.swift in Sources */,
			);
			runOnlyForDeploymentPostprocessing = 0;
		};
		52276882265A02D500E7454C /* Sources */ = {
			isa = PBXSourcesBuildPhase;
			buildActionMask = 2147483647;
			files = (
				91F9B065271FE85300A9AEA7 /* FavoriteRouter.swift in Sources */,
				5215A2A5265CA89D00F674F1 /* Blur.swift in Sources */,
				CEBC066D2A1CF21F00CA22B1 /* SearchRouter.swift in Sources */,
				52E93D032661F20B00DBFDDD /* AboutView.swift in Sources */,
				52E93D0C2661F27A00DBFDDD /* SocialMediaRow.swift in Sources */,
				5224355B266CFE160078E6F5 /* LottieView.swift in Sources */,
				52ECB3BB265B19600075082C /* DetailView.swift in Sources */,
				52ECB3BF265B19710075082C /* HomeView.swift in Sources */,
				5215A29D265C719D00F674F1 /* SearchRow.swift in Sources */,
				91D4292D2732E8DE004D7305 /* GiphyWidget.intentdefinition in Sources */,
				91C3B866274A16970060C7AD /* GiphyWidgetItem.swift in Sources */,
				CEBC06702A1CF2C200CA22B1 /* HomeRouter.swift in Sources */,
				5227688C265A02D500E7454C /* ContentView.swift in Sources */,
				5227688A265A02D500E7454C /* GiphyGIFApp.swift in Sources */,
				5231E3192665B6DF00147EE6 /* Injection.swift in Sources */,
				52ECB3C4265B34000075082C /* SearchView.swift in Sources */,
				523AFC34265BDB3F00C052A5 /* HomeRow.swift in Sources */,
				52ECB3D7265B6CA00075082C /* ActivityIndicator.swift in Sources */,
				91F9B068271FE8CB00A9AEA7 /* DetailRouter.swift in Sources */,
				52E93D112661F9E700DBFDDD /* WebView.swift in Sources */,
				CED7E5F32A1BAE5D004F031D /* AppDelegate.swift in Sources */,
				520F6295265E00C500C10B13 /* FavoriteView.swift in Sources */,
				91C3B8622749FB910060C7AD /* WidgetInjection.swift in Sources */,
			);
			runOnlyForDeploymentPostprocessing = 0;
		};
		91D4291C2732E8DA004D7305 /* Sources */ = {
			isa = PBXSourcesBuildPhase;
			buildActionMask = 2147483647;
			files = (
				91C3B867274A170A0060C7AD /* GiphyWidgetItem.swift in Sources */,
				91D4292C2732E8DE004D7305 /* GiphyWidget.intentdefinition in Sources */,
				91D429272732E8DA004D7305 /* GiphyWidget.swift in Sources */,
				91C3B863274A01FC0060C7AD /* WidgetInjection.swift in Sources */,
			);
			runOnlyForDeploymentPostprocessing = 0;
		};
/* End PBXSourcesBuildPhase section */

/* Begin PBXTargetDependency section */
		5224358E266D29220078E6F5 /* PBXTargetDependency */ = {
			isa = PBXTargetDependency;
			target = 52276885265A02D500E7454C /* GiphyGIF */;
			targetProxy = 5224358D266D29220078E6F5 /* PBXContainerItemProxy */;
		};
		91D4292F2732E8DE004D7305 /* PBXTargetDependency */ = {
			isa = PBXTargetDependency;
			target = 91D4291F2732E8DA004D7305 /* GiphyWidgetExtension */;
			targetProxy = 91D4292E2732E8DE004D7305 /* PBXContainerItemProxy */;
		};
/* End PBXTargetDependency section */

/* Begin XCBuildConfiguration section */
		52243590266D29220078E6F5 /* Debug */ = {
			isa = XCBuildConfiguration;
			buildSettings = {
				BUNDLE_LOADER = "$(TEST_HOST)";
				CODE_SIGN_STYLE = Automatic;
				DEVELOPMENT_TEAM = SM8JGRFPQU;
				INFOPLIST_FILE = GiphyGIFTests/Info.plist;
				LD_RUNPATH_SEARCH_PATHS = (
					"$(inherited)",
					"@executable_path/Frameworks",
					"@loader_path/Frameworks",
				);
				PRODUCT_BUNDLE_IDENTIFIER = com.uwaisalqadri.GiphyGIFTests;
				PRODUCT_NAME = "$(TARGET_NAME)";
				SWIFT_VERSION = 5.0;
				TARGETED_DEVICE_FAMILY = "1,2";
				TEST_HOST = "$(BUILT_PRODUCTS_DIR)/GiphyGIF.app/GiphyGIF";
			};
			name = Debug;
		};
		52243591266D29220078E6F5 /* Release */ = {
			isa = XCBuildConfiguration;
			buildSettings = {
				BUNDLE_LOADER = "$(TEST_HOST)";
				CODE_SIGN_STYLE = Automatic;
				DEVELOPMENT_TEAM = SM8JGRFPQU;
				INFOPLIST_FILE = GiphyGIFTests/Info.plist;
				LD_RUNPATH_SEARCH_PATHS = (
					"$(inherited)",
					"@executable_path/Frameworks",
					"@loader_path/Frameworks",
				);
				PRODUCT_BUNDLE_IDENTIFIER = com.uwaisalqadri.GiphyGIFTests;
				PRODUCT_NAME = "$(TARGET_NAME)";
				SWIFT_VERSION = 5.0;
				TARGETED_DEVICE_FAMILY = "1,2";
				TEST_HOST = "$(BUILT_PRODUCTS_DIR)/GiphyGIF.app/GiphyGIF";
			};
			name = Release;
		};
		52276893265A02D700E7454C /* Debug */ = {
			isa = XCBuildConfiguration;
			buildSettings = {
				ALWAYS_SEARCH_USER_PATHS = NO;
				CLANG_ANALYZER_LOCALIZABILITY_NONLOCALIZED = YES;
				CLANG_ANALYZER_NONNULL = YES;
				CLANG_ANALYZER_NUMBER_OBJECT_CONVERSION = YES_AGGRESSIVE;
				CLANG_CXX_LANGUAGE_STANDARD = "gnu++14";
				CLANG_CXX_LIBRARY = "libc++";
				CLANG_ENABLE_MODULES = YES;
				CLANG_ENABLE_OBJC_ARC = YES;
				CLANG_ENABLE_OBJC_WEAK = YES;
				CLANG_WARN_BLOCK_CAPTURE_AUTORELEASING = YES;
				CLANG_WARN_BOOL_CONVERSION = YES;
				CLANG_WARN_COMMA = YES;
				CLANG_WARN_CONSTANT_CONVERSION = YES;
				CLANG_WARN_DEPRECATED_OBJC_IMPLEMENTATIONS = YES;
				CLANG_WARN_DIRECT_OBJC_ISA_USAGE = YES_ERROR;
				CLANG_WARN_DOCUMENTATION_COMMENTS = YES;
				CLANG_WARN_EMPTY_BODY = YES;
				CLANG_WARN_ENUM_CONVERSION = YES;
				CLANG_WARN_INFINITE_RECURSION = YES;
				CLANG_WARN_INT_CONVERSION = YES;
				CLANG_WARN_NON_LITERAL_NULL_CONVERSION = YES;
				CLANG_WARN_OBJC_IMPLICIT_RETAIN_SELF = YES;
				CLANG_WARN_OBJC_LITERAL_CONVERSION = YES;
				CLANG_WARN_OBJC_ROOT_CLASS = YES_ERROR;
				CLANG_WARN_QUOTED_INCLUDE_IN_FRAMEWORK_HEADER = YES;
				CLANG_WARN_RANGE_LOOP_ANALYSIS = YES;
				CLANG_WARN_STRICT_PROTOTYPES = YES;
				CLANG_WARN_SUSPICIOUS_MOVE = YES;
				CLANG_WARN_UNGUARDED_AVAILABILITY = YES_AGGRESSIVE;
				CLANG_WARN_UNREACHABLE_CODE = YES;
				CLANG_WARN__DUPLICATE_METHOD_MATCH = YES;
				COPY_PHASE_STRIP = NO;
				DEBUG_INFORMATION_FORMAT = dwarf;
				ENABLE_STRICT_OBJC_MSGSEND = YES;
				ENABLE_TESTABILITY = YES;
				GCC_C_LANGUAGE_STANDARD = gnu11;
				GCC_DYNAMIC_NO_PIC = NO;
				GCC_NO_COMMON_BLOCKS = YES;
				GCC_OPTIMIZATION_LEVEL = 0;
				GCC_PREPROCESSOR_DEFINITIONS = (
					"DEBUG=1",
					"$(inherited)",
				);
				GCC_WARN_64_TO_32_BIT_CONVERSION = YES;
				GCC_WARN_ABOUT_RETURN_TYPE = YES_ERROR;
				GCC_WARN_UNDECLARED_SELECTOR = YES;
				GCC_WARN_UNINITIALIZED_AUTOS = YES_AGGRESSIVE;
				GCC_WARN_UNUSED_FUNCTION = YES;
				GCC_WARN_UNUSED_VARIABLE = YES;
				IPHONEOS_DEPLOYMENT_TARGET = 14.4;
				MTL_ENABLE_DEBUG_INFO = INCLUDE_SOURCE;
				MTL_FAST_MATH = YES;
				ONLY_ACTIVE_ARCH = YES;
				SDKROOT = iphoneos;
				SWIFT_ACTIVE_COMPILATION_CONDITIONS = DEBUG;
				SWIFT_OPTIMIZATION_LEVEL = "-Onone";
			};
			name = Debug;
		};
		52276894265A02D700E7454C /* Release */ = {
			isa = XCBuildConfiguration;
			buildSettings = {
				ALWAYS_SEARCH_USER_PATHS = NO;
				CLANG_ANALYZER_LOCALIZABILITY_NONLOCALIZED = YES;
				CLANG_ANALYZER_NONNULL = YES;
				CLANG_ANALYZER_NUMBER_OBJECT_CONVERSION = YES_AGGRESSIVE;
				CLANG_CXX_LANGUAGE_STANDARD = "gnu++14";
				CLANG_CXX_LIBRARY = "libc++";
				CLANG_ENABLE_MODULES = YES;
				CLANG_ENABLE_OBJC_ARC = YES;
				CLANG_ENABLE_OBJC_WEAK = YES;
				CLANG_WARN_BLOCK_CAPTURE_AUTORELEASING = YES;
				CLANG_WARN_BOOL_CONVERSION = YES;
				CLANG_WARN_COMMA = YES;
				CLANG_WARN_CONSTANT_CONVERSION = YES;
				CLANG_WARN_DEPRECATED_OBJC_IMPLEMENTATIONS = YES;
				CLANG_WARN_DIRECT_OBJC_ISA_USAGE = YES_ERROR;
				CLANG_WARN_DOCUMENTATION_COMMENTS = YES;
				CLANG_WARN_EMPTY_BODY = YES;
				CLANG_WARN_ENUM_CONVERSION = YES;
				CLANG_WARN_INFINITE_RECURSION = YES;
				CLANG_WARN_INT_CONVERSION = YES;
				CLANG_WARN_NON_LITERAL_NULL_CONVERSION = YES;
				CLANG_WARN_OBJC_IMPLICIT_RETAIN_SELF = YES;
				CLANG_WARN_OBJC_LITERAL_CONVERSION = YES;
				CLANG_WARN_OBJC_ROOT_CLASS = YES_ERROR;
				CLANG_WARN_QUOTED_INCLUDE_IN_FRAMEWORK_HEADER = YES;
				CLANG_WARN_RANGE_LOOP_ANALYSIS = YES;
				CLANG_WARN_STRICT_PROTOTYPES = YES;
				CLANG_WARN_SUSPICIOUS_MOVE = YES;
				CLANG_WARN_UNGUARDED_AVAILABILITY = YES_AGGRESSIVE;
				CLANG_WARN_UNREACHABLE_CODE = YES;
				CLANG_WARN__DUPLICATE_METHOD_MATCH = YES;
				COPY_PHASE_STRIP = NO;
				DEBUG_INFORMATION_FORMAT = "dwarf-with-dsym";
				ENABLE_NS_ASSERTIONS = NO;
				ENABLE_STRICT_OBJC_MSGSEND = YES;
				GCC_C_LANGUAGE_STANDARD = gnu11;
				GCC_NO_COMMON_BLOCKS = YES;
				GCC_WARN_64_TO_32_BIT_CONVERSION = YES;
				GCC_WARN_ABOUT_RETURN_TYPE = YES_ERROR;
				GCC_WARN_UNDECLARED_SELECTOR = YES;
				GCC_WARN_UNINITIALIZED_AUTOS = YES_AGGRESSIVE;
				GCC_WARN_UNUSED_FUNCTION = YES;
				GCC_WARN_UNUSED_VARIABLE = YES;
				IPHONEOS_DEPLOYMENT_TARGET = 14.4;
				MTL_ENABLE_DEBUG_INFO = NO;
				MTL_FAST_MATH = YES;
				SDKROOT = iphoneos;
				SWIFT_COMPILATION_MODE = wholemodule;
				SWIFT_OPTIMIZATION_LEVEL = "-O";
				VALIDATE_PRODUCT = YES;
			};
			name = Release;
		};
		52276896265A02D700E7454C /* Debug */ = {
			isa = XCBuildConfiguration;
			buildSettings = {
				ALWAYS_EMBED_SWIFT_STANDARD_LIBRARIES = YES;
				ASSETCATALOG_COMPILER_APPICON_NAME = AppIcon;
				ASSETCATALOG_COMPILER_GLOBAL_ACCENT_COLOR_NAME = AccentColor;
				CODE_SIGN_STYLE = Automatic;
				DEVELOPMENT_ASSET_PATHS = "\"GiphyGIF/Preview Content\"";
				DEVELOPMENT_TEAM = SM8JGRFPQU;
				ENABLE_PREVIEWS = YES;
				FRAMEWORK_SEARCH_PATHS = "$(PROJECT_DIR)";
				INFOPLIST_FILE = "$(SRCROOT)/GiphyGIF/App/Resources/Info.plist";
				IPHONEOS_DEPLOYMENT_TARGET = 14.0;
				LD_RUNPATH_SEARCH_PATHS = (
					"$(inherited)",
					"@executable_path/Frameworks",
				);
				OTHER_SWIFT_FLAGS = "";
				PRODUCT_BUNDLE_IDENTIFIER = com.uwaisalqadri.GiphyGIF;
				PRODUCT_NAME = "$(TARGET_NAME)";
				SWIFT_VERSION = 5.0;
				TARGETED_DEVICE_FAMILY = "1,2";
			};
			name = Debug;
		};
		52276897265A02D700E7454C /* Release */ = {
			isa = XCBuildConfiguration;
			buildSettings = {
				ALWAYS_EMBED_SWIFT_STANDARD_LIBRARIES = YES;
				ASSETCATALOG_COMPILER_APPICON_NAME = AppIcon;
				ASSETCATALOG_COMPILER_GLOBAL_ACCENT_COLOR_NAME = AccentColor;
				CODE_SIGN_STYLE = Automatic;
				DEVELOPMENT_ASSET_PATHS = "\"GiphyGIF/Preview Content\"";
				DEVELOPMENT_TEAM = SM8JGRFPQU;
				ENABLE_PREVIEWS = YES;
				FRAMEWORK_SEARCH_PATHS = "$(PROJECT_DIR)";
				INFOPLIST_FILE = "$(SRCROOT)/GiphyGIF/App/Resources/Info.plist";
				IPHONEOS_DEPLOYMENT_TARGET = 14.0;
				LD_RUNPATH_SEARCH_PATHS = (
					"$(inherited)",
					"@executable_path/Frameworks",
				);
				OTHER_SWIFT_FLAGS = "";
				PRODUCT_BUNDLE_IDENTIFIER = com.uwaisalqadri.GiphyGIF;
				PRODUCT_NAME = "$(TARGET_NAME)";
				SWIFT_VERSION = 5.0;
				TARGETED_DEVICE_FAMILY = "1,2";
			};
			name = Release;
		};
		91D429322732E8DE004D7305 /* Debug */ = {
			isa = XCBuildConfiguration;
			buildSettings = {
				ASSETCATALOG_COMPILER_GLOBAL_ACCENT_COLOR_NAME = AccentColor;
				ASSETCATALOG_COMPILER_WIDGET_BACKGROUND_COLOR_NAME = WidgetBackground;
				CODE_SIGN_STYLE = Automatic;
				DEVELOPMENT_TEAM = SM8JGRFPQU;
				INFOPLIST_FILE = GiphyWidget/Info.plist;
				IPHONEOS_DEPLOYMENT_TARGET = 14.5;
				LD_RUNPATH_SEARCH_PATHS = (
					"$(inherited)",
					"@executable_path/Frameworks",
					"@executable_path/../../Frameworks",
				);
				PRODUCT_BUNDLE_IDENTIFIER = com.uwaisalqadri.GiphyGIF.GiphyWidget;
				PRODUCT_NAME = "$(TARGET_NAME)";
				SKIP_INSTALL = YES;
				SWIFT_VERSION = 5.0;
				TARGETED_DEVICE_FAMILY = "1,2";
			};
			name = Debug;
		};
		91D429332732E8DE004D7305 /* Release */ = {
			isa = XCBuildConfiguration;
			buildSettings = {
				ASSETCATALOG_COMPILER_GLOBAL_ACCENT_COLOR_NAME = AccentColor;
				ASSETCATALOG_COMPILER_WIDGET_BACKGROUND_COLOR_NAME = WidgetBackground;
				CODE_SIGN_STYLE = Automatic;
				DEVELOPMENT_TEAM = SM8JGRFPQU;
				INFOPLIST_FILE = GiphyWidget/Info.plist;
				IPHONEOS_DEPLOYMENT_TARGET = 14.5;
				LD_RUNPATH_SEARCH_PATHS = (
					"$(inherited)",
					"@executable_path/Frameworks",
					"@executable_path/../../Frameworks",
				);
				PRODUCT_BUNDLE_IDENTIFIER = com.uwaisalqadri.GiphyGIF.GiphyWidget;
				PRODUCT_NAME = "$(TARGET_NAME)";
				SKIP_INSTALL = YES;
				SWIFT_VERSION = 5.0;
				TARGETED_DEVICE_FAMILY = "1,2";
			};
			name = Release;
		};
/* End XCBuildConfiguration section */

/* Begin XCConfigurationList section */
		5224358F266D29220078E6F5 /* Build configuration list for PBXNativeTarget "GiphyGIFTests" */ = {
			isa = XCConfigurationList;
			buildConfigurations = (
				52243590266D29220078E6F5 /* Debug */,
				52243591266D29220078E6F5 /* Release */,
			);
			defaultConfigurationIsVisible = 0;
			defaultConfigurationName = Release;
		};
		52276881265A02D500E7454C /* Build configuration list for PBXProject "GiphyGIF" */ = {
			isa = XCConfigurationList;
			buildConfigurations = (
				52276893265A02D700E7454C /* Debug */,
				52276894265A02D700E7454C /* Release */,
			);
			defaultConfigurationIsVisible = 0;
			defaultConfigurationName = Release;
		};
		52276895265A02D700E7454C /* Build configuration list for PBXNativeTarget "GiphyGIF" */ = {
			isa = XCConfigurationList;
			buildConfigurations = (
				52276896265A02D700E7454C /* Debug */,
				52276897265A02D700E7454C /* Release */,
			);
			defaultConfigurationIsVisible = 0;
			defaultConfigurationName = Release;
		};
		91D429312732E8DE004D7305 /* Build configuration list for PBXNativeTarget "GiphyWidgetExtension" */ = {
			isa = XCConfigurationList;
			buildConfigurations = (
				91D429322732E8DE004D7305 /* Debug */,
				91D429332732E8DE004D7305 /* Release */,
			);
			defaultConfigurationIsVisible = 0;
			defaultConfigurationName = Release;
		};
/* End XCConfigurationList section */

/* Begin XCRemoteSwiftPackageReference section */
		52243556266CFE080078E6F5 /* XCRemoteSwiftPackageReference "lottie-ios" */ = {
			isa = XCRemoteSwiftPackageReference;
			repositoryURL = "https://github.com/airbnb/lottie-ios.git";
			requirement = {
				kind = upToNextMajorVersion;
				minimumVersion = 3.2.3;
			};
		};
		52E2BAF2265CF28B00E2F670 /* XCRemoteSwiftPackageReference "SDWebImageSwiftUI" */ = {
			isa = XCRemoteSwiftPackageReference;
			repositoryURL = "https://github.com/SDWebImage/SDWebImageSwiftUI.git";
			requirement = {
				kind = upToNextMajorVersion;
				minimumVersion = 2.0.2;
			};
		};
		916AECF9271BD67300C21275 /* XCRemoteSwiftPackageReference "Swinject" */ = {
			isa = XCRemoteSwiftPackageReference;
			repositoryURL = "https://github.com/Swinject/Swinject.git";
			requirement = {
				kind = upToNextMajorVersion;
				minimumVersion = 2.8.0;
			};
		};
/* End XCRemoteSwiftPackageReference section */

/* Begin XCSwiftPackageProductDependency section */
		52243557266CFE080078E6F5 /* Lottie */ = {
			isa = XCSwiftPackageProductDependency;
			package = 52243556266CFE080078E6F5 /* XCRemoteSwiftPackageReference "lottie-ios" */;
			productName = Lottie;
		};
		52E2BAF3265CF28B00E2F670 /* SDWebImageSwiftUI */ = {
			isa = XCSwiftPackageProductDependency;
			package = 52E2BAF2265CF28B00E2F670 /* XCRemoteSwiftPackageReference "SDWebImageSwiftUI" */;
			productName = SDWebImageSwiftUI;
		};
		916AECFA271BD67300C21275 /* Swinject */ = {
			isa = XCSwiftPackageProductDependency;
			package = 916AECF9271BD67300C21275 /* XCRemoteSwiftPackageReference "Swinject" */;
			productName = Swinject;
		};
		919F5657271C1C5D008758E3 /* Common */ = {
			isa = XCSwiftPackageProductDependency;
			productName = Common;
		};
		919F5659271C1C5D008758E3 /* Giphy */ = {
			isa = XCSwiftPackageProductDependency;
			productName = Giphy;
		};
		91C3B8502749FAFA0060C7AD /* Common */ = {
			isa = XCSwiftPackageProductDependency;
			productName = Common;
		};
		91C3B8522749FAFA0060C7AD /* Giphy */ = {
			isa = XCSwiftPackageProductDependency;
			productName = Giphy;
		};
		91C3B8562749FAFA0060C7AD /* SDWebImageSwiftUI */ = {
			isa = XCSwiftPackageProductDependency;
			package = 52E2BAF2265CF28B00E2F670 /* XCRemoteSwiftPackageReference "SDWebImageSwiftUI" */;
			productName = SDWebImageSwiftUI;
		};
		91C3B8582749FAFA0060C7AD /* Lottie */ = {
			isa = XCSwiftPackageProductDependency;
			package = 52243556266CFE080078E6F5 /* XCRemoteSwiftPackageReference "lottie-ios" */;
			productName = Lottie;
		};
		91C3B85A2749FAFA0060C7AD /* Swinject */ = {
			isa = XCSwiftPackageProductDependency;
			package = 916AECF9271BD67300C21275 /* XCRemoteSwiftPackageReference "Swinject" */;
			productName = Swinject;
		};
/* End XCSwiftPackageProductDependency section */
	};
	rootObject = 5227687E265A02D500E7454C /* Project object */;
}
