{
  "object": {
    "pins": [
      {
        "package": "Alamofire",
        "repositoryURL": "https://github.com/Alamofire/Alamofire.git",
        "state": {
          "branch": null,
          "revision": "d120af1e8638c7da36c8481fd61a66c0c08dc4fc",
          "version": "5.4.4"
        }
      },
      {
        "package": "Core",
        "repositoryURL": "https://github.com/uwaisalqadri/CoreModule.git",
        "state": {
          "branch": "main",
          "revision": "f8696cc919033c72e6152961099a9c5f11abb447",
          "version": null
        }
      },
      {
        "package": "Lottie",
        "repositoryURL": "https://github.com/airbnb/lottie-spm",
        "state": {
          "branch": null,
          "revision": "2ae19d3c4f1603b45e551e6bebf02f523ca22a2e",
          "version": "4.3.0"
        }
      },
      {
        "package": "Realm",
        "repositoryURL": "https://github.com/realm/realm-cocoa.git",
        "state": {
          "branch": null,
          "revision": "4cbe20f31b1bcc20190c724632143b4f9b8ac3e3",
          "version": "10.15.1"
        }
      },
      {
        "package": "RealmDatabase",
        "repositoryURL": "https://github.com/realm/realm-core",
        "state": {
          "branch": null,
          "revision": "23f60515a00f076a9e3f2dc672fe1ae07601ee90",
          "version": "11.4.1"
        }
      },
      {
        "package": "SDWebImage",
        "repositoryURL": "https://github.com/SDWebImage/SDWebImage.git",
        "state": {
          "branch": null,
          "revision": "36e484b317522667a4b2de9b50daaa01dfa30809",
          "version": "5.18.0"
        }
      },
      {
        "package": "SDWebImageSwiftUI",
        "repositoryURL": "https://github.com/SDWebImage/SDWebImageSwiftUI",
        "state": {
          "branch": null,
          "revision": "6fcaa47f450f8696b19d6f037dcb582ff4deb544",
          "version": "2.0.0"
        }
      },
      {
        "package": "Swinject",
        "repositoryURL": "https://github.com/Swinject/Swinject",
        "state": {
          "branch": null,
          "revision": "b1d92a53159fe45e162c307183aec9be15e4e7ae",
          "version": "2.8.0"
        }
      }
    ]
  },
  "version": 1
}
